
Microsoft Visual Studio Solution File, Format Version 12.00
# Visual Studio 15
VisualStudioVersion = 15.0.26430.6
MinimumVisualStudioVersion = 10.0.40219.1
Project("{FAE04EC0-301F-11D3-BF4B-00C04F79EFBC}") = "⦁  1.Declaring and Invoking Methods", "⦁  1.Declaring and Invoking Methods\⦁  1.Declaring and Invoking Methods.csproj", "{798F4B9C-6DB5-4BFF-87E2-36F656B71EBF}"
EndProject
Project("{FAE04EC0-301F-11D3-BF4B-00C04F79EFBC}") = "⦁  2.Sign of Integer Number", "⦁  2.Sign of Integer Number\⦁  2.Sign of Integer Number.csproj", "{CFA89E84-5D89-4752-9E80-26499BF3CBAC}"
EndProject
Project("{FAE04EC0-301F-11D3-BF4B-00C04F79EFBC}") = "⦁  3.Printing Triangle", "⦁  3.Printing Triangle\⦁  3.Printing Triangle.csproj", "{4F00DD7E-CB4D-4642-A798-982519F307C7}"
EndProject
Project("{FAE04EC0-301F-11D3-BF4B-00C04F79EFBC}") = "⦁  4.Draw a Filled Square", "⦁  4.Draw a Filled Square\⦁  4.Draw a Filled Square.csproj", "{262E78CF-2782-4C92-AF3F-22E6E198AAD5}"
EndProject
Project("{FAE04EC0-301F-11D3-BF4B-00C04F79EFBC}") = "⦁ 5.Calculate Triangle Area", "⦁  5.Calculate Triangle Area\⦁ 5.Calculate Triangle Area.csproj", "{02533798-6055-43C8-9681-0A8511B489AE}"
EndProject
Project("{FAE04EC0-301F-11D3-BF4B-00C04F79EFBC}") = "⦁  6.Math Power", "⦁  6.Math Power\⦁  6.Math Power.csproj", "{6AF7975C-E1A6-40D3-ADC0-58B1A55A845A}"
EndProject
Project("{FAE04EC0-301F-11D3-BF4B-00C04F79EFBC}") = "⦁  7.Greater of Two Values", "⦁  7.Greater of Two Values\⦁  7.Greater of Two Values.csproj", "{DBA29287-B5B5-49CD-8C57-AE24A68E4D5D}"
EndProject
Project("{FAE04EC0-301F-11D3-BF4B-00C04F79EFBC}") = "⦁  8.Multiply Evens by Odds", "⦁  8.Multiply Evens by Odds\⦁  8.Multiply Evens by Odds.csproj", "{041DB60C-7F8D-4197-95C8-698B125817F5}"
EndProject
Project("{FAE04EC0-301F-11D3-BF4B-00C04F79EFBC}") = "01. Hello, Name!", "01. Hello, Name!\01. Hello, Name!.csproj", "{F1AF1245-441C-4B39-AADC-BFAC07099D6F}"
EndProject
Project("{FAE04EC0-301F-11D3-BF4B-00C04F79EFBC}") = "02. Min Method", "02. Min Method\02. Min Method.csproj", "{F6186F18-2307-41F8-972E-599463CE0BA9}"
EndProject
Project("{FAE04EC0-301F-11D3-BF4B-00C04F79EFBC}") = "03. String Repeater", "03. String Repeater\03. String Repeater.csproj", "{705A0103-106B-4D0B-8E30-7320CE668BBD}"
EndProject
Project("{FAE04EC0-301F-11D3-BF4B-00C04F79EFBC}") = "04. Nth Digit", "04. Nth Digit\04. Nth Digit.csproj", "{CB37FAFF-2AC5-44CE-853C-91052808643E}"
EndProject
Project("{FAE04EC0-301F-11D3-BF4B-00C04F79EFBC}") = "05. Integer to Base", "05. Integer to Base\05. Integer to Base.csproj", "{5611CC3E-0B87-4DF5-AF0F-929A4416CE68}"
EndProject
Project("{FAE04EC0-301F-11D3-BF4B-00C04F79EFBC}") = "06. Notifications", "06. Notifications\06. Notifications.csproj", "{36D40E84-5829-4D61-BD8C-0168E75E6287}"
EndProject
Project("{FAE04EC0-301F-11D3-BF4B-00C04F79EFBC}") = "07. String Encryption", "07. String Encryption\07. String Encryption.csproj", "{C396E685-AFA9-4BB0-B908-9A3F6CB50935}"
EndProject
Project("{FAE04EC0-301F-11D3-BF4B-00C04F79EFBC}") = "04. Numbers inReversedOrder", "04. Numbers inReversedOrder\04. Numbers inReversedOrder.csproj", "{C002F935-5A0B-4171-806A-5C822E5DB832}"
EndProject
Project("{FAE04EC0-301F-11D3-BF4B-00C04F79EFBC}") = "05. Fibonacci Numbers", "05. Fibonacci Numbers\05. Fibonacci Numbers.csproj", "{8AABDA58-FB43-42C7-B4D8-59151097353E}"
EndProject
Project("{FAE04EC0-301F-11D3-BF4B-00C04F79EFBC}") = "06. Prime Checker", "06. Prime Checker\06. Prime Checker.csproj", "{D2C3FEC2-AC9A-476C-B454-2176A5A44788}"
EndProject
Project("{FAE04EC0-301F-11D3-BF4B-00C04F79EFBC}") = "07. Primes in Given Range", "07. Primes in Given Range\07. Primes in Given Range.csproj", "{845C23A5-2E3D-458D-929C-0C7D615D3436}"
EndProject
Project("{FAE04EC0-301F-11D3-BF4B-00C04F79EFBC}") = "08. Center Point", "08. Center Point\08. Center Point.csproj", "{95C58106-47F3-4C68-BD30-3C5BE758FC3D}"
EndProject
Project("{FAE04EC0-301F-11D3-BF4B-00C04F79EFBC}") = "10. Cube Properties", "10. Cube Properties\10. Cube Properties.csproj", "{4AB6953F-0B26-4DFA-8D20-191352CDE459}"
EndProject
Project("{FAE04EC0-301F-11D3-BF4B-00C04F79EFBC}") = "11. Geometry Calculator", "11. Geometry Calculator\11. Geometry Calculator.csproj", "{288B6415-C8FC-483D-B41F-24E35EF7FC8F}"
EndProject
Project("{FAE04EC0-301F-11D3-BF4B-00C04F79EFBC}") = "13. Factorial,Count.Zero", "13. Factorial\13. Factorial,Count.Zero.csproj", "{F913D17B-5B29-4094-8AC3-09F3AFE99A0D}"
EndProject
Project("{FAE04EC0-301F-11D3-BF4B-00C04F79EFBC}") = "09. Longer Line", "09. Longer Line\09. Longer Line.csproj", "{95F5CE7F-A0F0-47D2-8B99-3522899DFE69}"
EndProject
Project("{FAE04EC0-301F-11D3-BF4B-00C04F79EFBC}") = "12. Master Number", "12. Master Number\12. Master Number.csproj", "{D70F67F4-3B84-4196-B04D-851F7DEEA709}"
EndProject
Project("{FAE04EC0-301F-11D3-BF4B-00C04F79EFBC}") = "15.  Substring(Debug)", "15.  Substring(Debug)\15.  Substring(Debug).csproj", "{82198B16-B79B-4441-B127-6752237979B5}"
EndProject
Project("{FAE04EC0-301F-11D3-BF4B-00C04F79EFBC}") = "16.  Instruction Set(Debug)", "16.  Instruction Set(Debug)\16.  Instruction Set(Debug).csproj", "{BADC1DC5-8D33-4836-A0BD-8C2E9C978A09}"
EndProject
Project("{FAE04EC0-301F-11D3-BF4B-00C04F79EFBC}") = "01.Tricky Strings", "01.Tricky Strings\01.Tricky Strings.csproj", "{A5496E8B-501B-4684-9A85-2739DE25B219}"
EndProject
Project("{FAE04EC0-301F-11D3-BF4B-00C04F79EFBC}") = "02. Debugging Exercise", "02. Debugging Exercise\02. Debugging Exercise.csproj", "{5EFFB3C0-8728-4742-A438-078134347424}"
EndProject
Project("{FAE04EC0-301F-11D3-BF4B-00C04F79EFBC}") = "03. Debugging Exercise", "03. Debugging Exercise\03. Debugging Exercise.csproj", "{517020E3-725B-49B0-A69D-A57749DF2B9E}"
EndProject
Project("{FAE04EC0-301F-11D3-BF4B-00C04F79EFBC}") = "04. Debugging Exercise", "04. Debugging Exercise\04. Debugging Exercise.csproj", "{D456F3CC-89F4-4152-B1CE-133E5CDD1188}"
EndProject
Project("{FAE04EC0-301F-11D3-BF4B-00C04F79EFBC}") = "01. Blank Receipt", "01. Blank Receipt\01. Blank Receipt.csproj", "{B0CFCC90-1E93-412F-BF21-3CB1FC1CF51B}"
EndProject
Global
	GlobalSection(SolutionConfigurationPlatforms) = preSolution
		Debug|Any CPU = Debug|Any CPU
		Release|Any CPU = Release|Any CPU
	EndGlobalSection
	GlobalSection(ProjectConfigurationPlatforms) = postSolution
		{798F4B9C-6DB5-4BFF-87E2-36F656B71EBF}.Debug|Any CPU.ActiveCfg = Debug|Any CPU
		{798F4B9C-6DB5-4BFF-87E2-36F656B71EBF}.Debug|Any CPU.Build.0 = Debug|Any CPU
		{798F4B9C-6DB5-4BFF-87E2-36F656B71EBF}.Release|Any CPU.ActiveCfg = Release|Any CPU
		{798F4B9C-6DB5-4BFF-87E2-36F656B71EBF}.Release|Any CPU.Build.0 = Release|Any CPU
		{CFA89E84-5D89-4752-9E80-26499BF3CBAC}.Debug|Any CPU.ActiveCfg = Debug|Any CPU
		{CFA89E84-5D89-4752-9E80-26499BF3CBAC}.Debug|Any CPU.Build.0 = Debug|Any CPU
		{CFA89E84-5D89-4752-9E80-26499BF3CBAC}.Release|Any CPU.ActiveCfg = Release|Any CPU
		{CFA89E84-5D89-4752-9E80-26499BF3CBAC}.Release|Any CPU.Build.0 = Release|Any CPU
		{4F00DD7E-CB4D-4642-A798-982519F307C7}.Debug|Any CPU.ActiveCfg = Debug|Any CPU
		{4F00DD7E-CB4D-4642-A798-982519F307C7}.Debug|Any CPU.Build.0 = Debug|Any CPU
		{4F00DD7E-CB4D-4642-A798-982519F307C7}.Release|Any CPU.ActiveCfg = Release|Any CPU
		{4F00DD7E-CB4D-4642-A798-982519F307C7}.Release|Any CPU.Build.0 = Release|Any CPU
		{262E78CF-2782-4C92-AF3F-22E6E198AAD5}.Debug|Any CPU.ActiveCfg = Debug|Any CPU
		{262E78CF-2782-4C92-AF3F-22E6E198AAD5}.Debug|Any CPU.Build.0 = Debug|Any CPU
		{262E78CF-2782-4C92-AF3F-22E6E198AAD5}.Release|Any CPU.ActiveCfg = Release|Any CPU
		{262E78CF-2782-4C92-AF3F-22E6E198AAD5}.Release|Any CPU.Build.0 = Release|Any CPU
		{02533798-6055-43C8-9681-0A8511B489AE}.Debug|Any CPU.ActiveCfg = Debug|Any CPU
		{02533798-6055-43C8-9681-0A8511B489AE}.Debug|Any CPU.Build.0 = Debug|Any CPU
		{02533798-6055-43C8-9681-0A8511B489AE}.Release|Any CPU.ActiveCfg = Release|Any CPU
		{02533798-6055-43C8-9681-0A8511B489AE}.Release|Any CPU.Build.0 = Release|Any CPU
		{6AF7975C-E1A6-40D3-ADC0-58B1A55A845A}.Debug|Any CPU.ActiveCfg = Debug|Any CPU
		{6AF7975C-E1A6-40D3-ADC0-58B1A55A845A}.Debug|Any CPU.Build.0 = Debug|Any CPU
		{6AF7975C-E1A6-40D3-ADC0-58B1A55A845A}.Release|Any CPU.ActiveCfg = Release|Any CPU
		{6AF7975C-E1A6-40D3-ADC0-58B1A55A845A}.Release|Any CPU.Build.0 = Release|Any CPU
		{DBA29287-B5B5-49CD-8C57-AE24A68E4D5D}.Debug|Any CPU.ActiveCfg = Debug|Any CPU
		{DBA29287-B5B5-49CD-8C57-AE24A68E4D5D}.Debug|Any CPU.Build.0 = Debug|Any CPU
		{DBA29287-B5B5-49CD-8C57-AE24A68E4D5D}.Release|Any CPU.ActiveCfg = Release|Any CPU
		{DBA29287-B5B5-49CD-8C57-AE24A68E4D5D}.Release|Any CPU.Build.0 = Release|Any CPU
		{041DB60C-7F8D-4197-95C8-698B125817F5}.Debug|Any CPU.ActiveCfg = Debug|Any CPU
		{041DB60C-7F8D-4197-95C8-698B125817F5}.Debug|Any CPU.Build.0 = Debug|Any CPU
		{041DB60C-7F8D-4197-95C8-698B125817F5}.Release|Any CPU.ActiveCfg = Release|Any CPU
		{041DB60C-7F8D-4197-95C8-698B125817F5}.Release|Any CPU.Build.0 = Release|Any CPU
		{F1AF1245-441C-4B39-AADC-BFAC07099D6F}.Debug|Any CPU.ActiveCfg = Debug|Any CPU
		{F1AF1245-441C-4B39-AADC-BFAC07099D6F}.Debug|Any CPU.Build.0 = Debug|Any CPU
		{F1AF1245-441C-4B39-AADC-BFAC07099D6F}.Release|Any CPU.ActiveCfg = Release|Any CPU
		{F1AF1245-441C-4B39-AADC-BFAC07099D6F}.Release|Any CPU.Build.0 = Release|Any CPU
		{F6186F18-2307-41F8-972E-599463CE0BA9}.Debug|Any CPU.ActiveCfg = Debug|Any CPU
		{F6186F18-2307-41F8-972E-599463CE0BA9}.Debug|Any CPU.Build.0 = Debug|Any CPU
		{F6186F18-2307-41F8-972E-599463CE0BA9}.Release|Any CPU.ActiveCfg = Release|Any CPU
		{F6186F18-2307-41F8-972E-599463CE0BA9}.Release|Any CPU.Build.0 = Release|Any CPU
		{705A0103-106B-4D0B-8E30-7320CE668BBD}.Debug|Any CPU.ActiveCfg = Debug|Any CPU
		{705A0103-106B-4D0B-8E30-7320CE668BBD}.Debug|Any CPU.Build.0 = Debug|Any CPU
		{705A0103-106B-4D0B-8E30-7320CE668BBD}.Release|Any CPU.ActiveCfg = Release|Any CPU
		{705A0103-106B-4D0B-8E30-7320CE668BBD}.Release|Any CPU.Build.0 = Release|Any CPU
		{CB37FAFF-2AC5-44CE-853C-91052808643E}.Debug|Any CPU.ActiveCfg = Debug|Any CPU
		{CB37FAFF-2AC5-44CE-853C-91052808643E}.Debug|Any CPU.Build.0 = Debug|Any CPU
		{CB37FAFF-2AC5-44CE-853C-91052808643E}.Release|Any CPU.ActiveCfg = Release|Any CPU
		{CB37FAFF-2AC5-44CE-853C-91052808643E}.Release|Any CPU.Build.0 = Release|Any CPU
		{5611CC3E-0B87-4DF5-AF0F-929A4416CE68}.Debug|Any CPU.ActiveCfg = Debug|Any CPU
		{5611CC3E-0B87-4DF5-AF0F-929A4416CE68}.Debug|Any CPU.Build.0 = Debug|Any CPU
		{5611CC3E-0B87-4DF5-AF0F-929A4416CE68}.Release|Any CPU.ActiveCfg = Release|Any CPU
		{5611CC3E-0B87-4DF5-AF0F-929A4416CE68}.Release|Any CPU.Build.0 = Release|Any CPU
		{36D40E84-5829-4D61-BD8C-0168E75E6287}.Debug|Any CPU.ActiveCfg = Debug|Any CPU
		{36D40E84-5829-4D61-BD8C-0168E75E6287}.Debug|Any CPU.Build.0 = Debug|Any CPU
		{36D40E84-5829-4D61-BD8C-0168E75E6287}.Release|Any CPU.ActiveCfg = Release|Any CPU
		{36D40E84-5829-4D61-BD8C-0168E75E6287}.Release|Any CPU.Build.0 = Release|Any CPU
		{C396E685-AFA9-4BB0-B908-9A3F6CB50935}.Debug|Any CPU.ActiveCfg = Debug|Any CPU
		{C396E685-AFA9-4BB0-B908-9A3F6CB50935}.Debug|Any CPU.Build.0 = Debug|Any CPU
		{C396E685-AFA9-4BB0-B908-9A3F6CB50935}.Release|Any CPU.ActiveCfg = Release|Any CPU
		{C396E685-AFA9-4BB0-B908-9A3F6CB50935}.Release|Any CPU.Build.0 = Release|Any CPU
		{C002F935-5A0B-4171-806A-5C822E5DB832}.Debug|Any CPU.ActiveCfg = Debug|Any CPU
		{C002F935-5A0B-4171-806A-5C822E5DB832}.Debug|Any CPU.Build.0 = Debug|Any CPU
		{C002F935-5A0B-4171-806A-5C822E5DB832}.Release|Any CPU.ActiveCfg = Release|Any CPU
		{C002F935-5A0B-4171-806A-5C822E5DB832}.Release|Any CPU.Build.0 = Release|Any CPU
		{8AABDA58-FB43-42C7-B4D8-59151097353E}.Debug|Any CPU.ActiveCfg = Debug|Any CPU
		{8AABDA58-FB43-42C7-B4D8-59151097353E}.Debug|Any CPU.Build.0 = Debug|Any CPU
		{8AABDA58-FB43-42C7-B4D8-59151097353E}.Release|Any CPU.ActiveCfg = Release|Any CPU
		{8AABDA58-FB43-42C7-B4D8-59151097353E}.Release|Any CPU.Build.0 = Release|Any CPU
		{D2C3FEC2-AC9A-476C-B454-2176A5A44788}.Debug|Any CPU.ActiveCfg = Debug|Any CPU
		{D2C3FEC2-AC9A-476C-B454-2176A5A44788}.Debug|Any CPU.Build.0 = Debug|Any CPU
		{D2C3FEC2-AC9A-476C-B454-2176A5A44788}.Release|Any CPU.ActiveCfg = Release|Any CPU
		{D2C3FEC2-AC9A-476C-B454-2176A5A44788}.Release|Any CPU.Build.0 = Release|Any CPU
		{845C23A5-2E3D-458D-929C-0C7D615D3436}.Debug|Any CPU.ActiveCfg = Debug|Any CPU
		{845C23A5-2E3D-458D-929C-0C7D615D3436}.Debug|Any CPU.Build.0 = Debug|Any CPU
		{845C23A5-2E3D-458D-929C-0C7D615D3436}.Release|Any CPU.ActiveCfg = Release|Any CPU
		{845C23A5-2E3D-458D-929C-0C7D615D3436}.Release|Any CPU.Build.0 = Release|Any CPU
		{95C58106-47F3-4C68-BD30-3C5BE758FC3D}.Debug|Any CPU.ActiveCfg = Debug|Any CPU
		{95C58106-47F3-4C68-BD30-3C5BE758FC3D}.Debug|Any CPU.Build.0 = Debug|Any CPU
		{95C58106-47F3-4C68-BD30-3C5BE758FC3D}.Release|Any CPU.ActiveCfg = Release|Any CPU
		{95C58106-47F3-4C68-BD30-3C5BE758FC3D}.Release|Any CPU.Build.0 = Release|Any CPU
		{4AB6953F-0B26-4DFA-8D20-191352CDE459}.Debug|Any CPU.ActiveCfg = Debug|Any CPU
		{4AB6953F-0B26-4DFA-8D20-191352CDE459}.Debug|Any CPU.Build.0 = Debug|Any CPU
		{4AB6953F-0B26-4DFA-8D20-191352CDE459}.Release|Any CPU.ActiveCfg = Release|Any CPU
		{4AB6953F-0B26-4DFA-8D20-191352CDE459}.Release|Any CPU.Build.0 = Release|Any CPU
		{288B6415-C8FC-483D-B41F-24E35EF7FC8F}.Debug|Any CPU.ActiveCfg = Debug|Any CPU
		{288B6415-C8FC-483D-B41F-24E35EF7FC8F}.Debug|Any CPU.Build.0 = Debug|Any CPU
		{288B6415-C8FC-483D-B41F-24E35EF7FC8F}.Release|Any CPU.ActiveCfg = Release|Any CPU
		{288B6415-C8FC-483D-B41F-24E35EF7FC8F}.Release|Any CPU.Build.0 = Release|Any CPU
		{F913D17B-5B29-4094-8AC3-09F3AFE99A0D}.Debug|Any CPU.ActiveCfg = Debug|Any CPU
		{F913D17B-5B29-4094-8AC3-09F3AFE99A0D}.Debug|Any CPU.Build.0 = Debug|Any CPU
		{F913D17B-5B29-4094-8AC3-09F3AFE99A0D}.Release|Any CPU.ActiveCfg = Release|Any CPU
		{F913D17B-5B29-4094-8AC3-09F3AFE99A0D}.Release|Any CPU.Build.0 = Release|Any CPU
		{95F5CE7F-A0F0-47D2-8B99-3522899DFE69}.Debug|Any CPU.ActiveCfg = Debug|Any CPU
		{95F5CE7F-A0F0-47D2-8B99-3522899DFE69}.Debug|Any CPU.Build.0 = Debug|Any CPU
		{95F5CE7F-A0F0-47D2-8B99-3522899DFE69}.Release|Any CPU.ActiveCfg = Release|Any CPU
		{95F5CE7F-A0F0-47D2-8B99-3522899DFE69}.Release|Any CPU.Build.0 = Release|Any CPU
		{D70F67F4-3B84-4196-B04D-851F7DEEA709}.Debug|Any CPU.ActiveCfg = Debug|Any CPU
		{D70F67F4-3B84-4196-B04D-851F7DEEA709}.Debug|Any CPU.Build.0 = Debug|Any CPU
		{D70F67F4-3B84-4196-B04D-851F7DEEA709}.Release|Any CPU.ActiveCfg = Release|Any CPU
		{D70F67F4-3B84-4196-B04D-851F7DEEA709}.Release|Any CPU.Build.0 = Release|Any CPU
		{82198B16-B79B-4441-B127-6752237979B5}.Debug|Any CPU.ActiveCfg = Debug|Any CPU
		{82198B16-B79B-4441-B127-6752237979B5}.Debug|Any CPU.Build.0 = Debug|Any CPU
		{82198B16-B79B-4441-B127-6752237979B5}.Release|Any CPU.ActiveCfg = Release|Any CPU
		{82198B16-B79B-4441-B127-6752237979B5}.Release|Any CPU.Build.0 = Release|Any CPU
		{BADC1DC5-8D33-4836-A0BD-8C2E9C978A09}.Debug|Any CPU.ActiveCfg = Debug|Any CPU
		{BADC1DC5-8D33-4836-A0BD-8C2E9C978A09}.Debug|Any CPU.Build.0 = Debug|Any CPU
		{BADC1DC5-8D33-4836-A0BD-8C2E9C978A09}.Release|Any CPU.ActiveCfg = Release|Any CPU
		{BADC1DC5-8D33-4836-A0BD-8C2E9C978A09}.Release|Any CPU.Build.0 = Release|Any CPU
		{A5496E8B-501B-4684-9A85-2739DE25B219}.Debug|Any CPU.ActiveCfg = Debug|Any CPU
		{A5496E8B-501B-4684-9A85-2739DE25B219}.Debug|Any CPU.Build.0 = Debug|Any CPU
		{A5496E8B-501B-4684-9A85-2739DE25B219}.Release|Any CPU.ActiveCfg = Release|Any CPU
		{A5496E8B-501B-4684-9A85-2739DE25B219}.Release|Any CPU.Build.0 = Release|Any CPU
		{5EFFB3C0-8728-4742-A438-078134347424}.Debug|Any CPU.ActiveCfg = Debug|Any CPU
		{5EFFB3C0-8728-4742-A438-078134347424}.Debug|Any CPU.Build.0 = Debug|Any CPU
		{5EFFB3C0-8728-4742-A438-078134347424}.Release|Any CPU.ActiveCfg = Release|Any CPU
		{5EFFB3C0-8728-4742-A438-078134347424}.Release|Any CPU.Build.0 = Release|Any CPU
		{517020E3-725B-49B0-A69D-A57749DF2B9E}.Debug|Any CPU.ActiveCfg = Debug|Any CPU
		{517020E3-725B-49B0-A69D-A57749DF2B9E}.Debug|Any CPU.Build.0 = Debug|Any CPU
		{517020E3-725B-49B0-A69D-A57749DF2B9E}.Release|Any CPU.ActiveCfg = Release|Any CPU
		{517020E3-725B-49B0-A69D-A57749DF2B9E}.Release|Any CPU.Build.0 = Release|Any CPU
		{D456F3CC-89F4-4152-B1CE-133E5CDD1188}.Debug|Any CPU.ActiveCfg = Debug|Any CPU
		{D456F3CC-89F4-4152-B1CE-133E5CDD1188}.Debug|Any CPU.Build.0 = Debug|Any CPU
		{D456F3CC-89F4-4152-B1CE-133E5CDD1188}.Release|Any CPU.ActiveCfg = Release|Any CPU
		{D456F3CC-89F4-4152-B1CE-133E5CDD1188}.Release|Any CPU.Build.0 = Release|Any CPU
		{B0CFCC90-1E93-412F-BF21-3CB1FC1CF51B}.Debug|Any CPU.ActiveCfg = Debug|Any CPU
		{B0CFCC90-1E93-412F-BF21-3CB1FC1CF51B}.Debug|Any CPU.Build.0 = Debug|Any CPU
		{B0CFCC90-1E93-412F-BF21-3CB1FC1CF51B}.Release|Any CPU.ActiveCfg = Release|Any CPU
		{B0CFCC90-1E93-412F-BF21-3CB1FC1CF51B}.Release|Any CPU.Build.0 = Release|Any CPU
	EndGlobalSection
	GlobalSection(SolutionProperties) = preSolution
		HideSolutionNode = FALSE
	EndGlobalSection
EndGlobal
