
Microsoft Visual Studio Solution File, Format Version 12.00
# Visual Studio 15
VisualStudioVersion = 15.0.26228.10
MinimumVisualStudioVersion = 10.0.40219.1
Project("{FAE04EC0-301F-11D3-BF4B-00C04F79EFBC}") = "⦁  1.Declaring and Invoking Methods", "⦁  1.Declaring and Invoking Methods\⦁  1.Declaring and Invoking Methods.csproj", "{798F4B9C-6DB5-4BFF-87E2-36F656B71EBF}"
EndProject
Project("{FAE04EC0-301F-11D3-BF4B-00C04F79EFBC}") = "⦁  2.Sign of Integer Number", "⦁  2.Sign of Integer Number\⦁  2.Sign of Integer Number.csproj", "{CFA89E84-5D89-4752-9E80-26499BF3CBAC}"
EndProject
Project("{FAE04EC0-301F-11D3-BF4B-00C04F79EFBC}") = "⦁  3.Printing Triangle", "⦁  3.Printing Triangle\⦁  3.Printing Triangle.csproj", "{4F00DD7E-CB4D-4642-A798-982519F307C7}"
EndProject
Project("{FAE04EC0-301F-11D3-BF4B-00C04F79EFBC}") = "⦁  4.Draw a Filled Square", "⦁  4.Draw a Filled Square\⦁  4.Draw a Filled Square.csproj", "{262E78CF-2782-4C92-AF3F-22E6E198AAD5}"
EndProject
Project("{FAE04EC0-301F-11D3-BF4B-00C04F79EFBC}") = "⦁ 5.Calculate Triangle Area", "⦁  5.Calculate Triangle Area\⦁ 5.Calculate Triangle Area.csproj", "{02533798-6055-43C8-9681-0A8511B489AE}"
EndProject
Project("{FAE04EC0-301F-11D3-BF4B-00C04F79EFBC}") = "⦁  6.Math Power", "⦁  6.Math Power\⦁  6.Math Power.csproj", "{6AF7975C-E1A6-40D3-ADC0-58B1A55A845A}"
EndProject
Project("{FAE04EC0-301F-11D3-BF4B-00C04F79EFBC}") = "⦁  7.Greater of Two Values", "⦁  7.Greater of Two Values\⦁  7.Greater of Two Values.csproj", "{DBA29287-B5B5-49CD-8C57-AE24A68E4D5D}"
EndProject
Project("{FAE04EC0-301F-11D3-BF4B-00C04F79EFBC}") = "Practice!", "Practice!\Practice!.csproj", "{5D2FE0BB-8D4C-4516-85B4-BAC087D50E38}"
EndProject
Project("{FAE04EC0-301F-11D3-BF4B-00C04F79EFBC}") = "⦁  8.Multiply Evens by Odds", "⦁  8.Multiply Evens by Odds\⦁  8.Multiply Evens by Odds.csproj", "{041DB60C-7F8D-4197-95C8-698B125817F5}"
EndProject
Project("{FAE04EC0-301F-11D3-BF4B-00C04F79EFBC}") = "⦁ 9.PriceChangeAlert", "⦁ 5.PriceChangeAlert\⦁ 9.PriceChangeAlert.csproj", "{8E458BA2-8D31-49FB-9037-8819B0F30F2A}"
EndProject
Global
	GlobalSection(SolutionConfigurationPlatforms) = preSolution
		Debug|Any CPU = Debug|Any CPU
		Release|Any CPU = Release|Any CPU
	EndGlobalSection
	GlobalSection(ProjectConfigurationPlatforms) = postSolution
		{798F4B9C-6DB5-4BFF-87E2-36F656B71EBF}.Debug|Any CPU.ActiveCfg = Debug|Any CPU
		{798F4B9C-6DB5-4BFF-87E2-36F656B71EBF}.Debug|Any CPU.Build.0 = Debug|Any CPU
		{798F4B9C-6DB5-4BFF-87E2-36F656B71EBF}.Release|Any CPU.ActiveCfg = Release|Any CPU
		{798F4B9C-6DB5-4BFF-87E2-36F656B71EBF}.Release|Any CPU.Build.0 = Release|Any CPU
		{CFA89E84-5D89-4752-9E80-26499BF3CBAC}.Debug|Any CPU.ActiveCfg = Debug|Any CPU
		{CFA89E84-5D89-4752-9E80-26499BF3CBAC}.Debug|Any CPU.Build.0 = Debug|Any CPU
		{CFA89E84-5D89-4752-9E80-26499BF3CBAC}.Release|Any CPU.ActiveCfg = Release|Any CPU
		{CFA89E84-5D89-4752-9E80-26499BF3CBAC}.Release|Any CPU.Build.0 = Release|Any CPU
		{4F00DD7E-CB4D-4642-A798-982519F307C7}.Debug|Any CPU.ActiveCfg = Debug|Any CPU
		{4F00DD7E-CB4D-4642-A798-982519F307C7}.Debug|Any CPU.Build.0 = Debug|Any CPU
		{4F00DD7E-CB4D-4642-A798-982519F307C7}.Release|Any CPU.ActiveCfg = Release|Any CPU
		{4F00DD7E-CB4D-4642-A798-982519F307C7}.Release|Any CPU.Build.0 = Release|Any CPU
		{262E78CF-2782-4C92-AF3F-22E6E198AAD5}.Debug|Any CPU.ActiveCfg = Debug|Any CPU
		{262E78CF-2782-4C92-AF3F-22E6E198AAD5}.Debug|Any CPU.Build.0 = Debug|Any CPU
		{262E78CF-2782-4C92-AF3F-22E6E198AAD5}.Release|Any CPU.ActiveCfg = Release|Any CPU
		{262E78CF-2782-4C92-AF3F-22E6E198AAD5}.Release|Any CPU.Build.0 = Release|Any CPU
		{02533798-6055-43C8-9681-0A8511B489AE}.Debug|Any CPU.ActiveCfg = Debug|Any CPU
		{02533798-6055-43C8-9681-0A8511B489AE}.Debug|Any CPU.Build.0 = Debug|Any CPU
		{02533798-6055-43C8-9681-0A8511B489AE}.Release|Any CPU.ActiveCfg = Release|Any CPU
		{02533798-6055-43C8-9681-0A8511B489AE}.Release|Any CPU.Build.0 = Release|Any CPU
		{6AF7975C-E1A6-40D3-ADC0-58B1A55A845A}.Debug|Any CPU.ActiveCfg = Debug|Any CPU
		{6AF7975C-E1A6-40D3-ADC0-58B1A55A845A}.Debug|Any CPU.Build.0 = Debug|Any CPU
		{6AF7975C-E1A6-40D3-ADC0-58B1A55A845A}.Release|Any CPU.ActiveCfg = Release|Any CPU
		{6AF7975C-E1A6-40D3-ADC0-58B1A55A845A}.Release|Any CPU.Build.0 = Release|Any CPU
		{DBA29287-B5B5-49CD-8C57-AE24A68E4D5D}.Debug|Any CPU.ActiveCfg = Debug|Any CPU
		{DBA29287-B5B5-49CD-8C57-AE24A68E4D5D}.Debug|Any CPU.Build.0 = Debug|Any CPU
		{DBA29287-B5B5-49CD-8C57-AE24A68E4D5D}.Release|Any CPU.ActiveCfg = Release|Any CPU
		{DBA29287-B5B5-49CD-8C57-AE24A68E4D5D}.Release|Any CPU.Build.0 = Release|Any CPU
		{5D2FE0BB-8D4C-4516-85B4-BAC087D50E38}.Debug|Any CPU.ActiveCfg = Debug|Any CPU
		{5D2FE0BB-8D4C-4516-85B4-BAC087D50E38}.Debug|Any CPU.Build.0 = Debug|Any CPU
		{5D2FE0BB-8D4C-4516-85B4-BAC087D50E38}.Release|Any CPU.ActiveCfg = Release|Any CPU
		{5D2FE0BB-8D4C-4516-85B4-BAC087D50E38}.Release|Any CPU.Build.0 = Release|Any CPU
		{041DB60C-7F8D-4197-95C8-698B125817F5}.Debug|Any CPU.ActiveCfg = Debug|Any CPU
		{041DB60C-7F8D-4197-95C8-698B125817F5}.Debug|Any CPU.Build.0 = Debug|Any CPU
		{041DB60C-7F8D-4197-95C8-698B125817F5}.Release|Any CPU.ActiveCfg = Release|Any CPU
		{041DB60C-7F8D-4197-95C8-698B125817F5}.Release|Any CPU.Build.0 = Release|Any CPU
		{8E458BA2-8D31-49FB-9037-8819B0F30F2A}.Debug|Any CPU.ActiveCfg = Debug|Any CPU
		{8E458BA2-8D31-49FB-9037-8819B0F30F2A}.Debug|Any CPU.Build.0 = Debug|Any CPU
		{8E458BA2-8D31-49FB-9037-8819B0F30F2A}.Release|Any CPU.ActiveCfg = Release|Any CPU
		{8E458BA2-8D31-49FB-9037-8819B0F30F2A}.Release|Any CPU.Build.0 = Release|Any CPU
	EndGlobalSection
	GlobalSection(SolutionProperties) = preSolution
		HideSolutionNode = FALSE
	EndGlobalSection
EndGlobal
