
Microsoft Visual Studio Solution File, Format Version 12.00
# Visual Studio 15
VisualStudioVersion = 15.0.27130.2027
MinimumVisualStudioVersion = 10.0.40219.1
Project("{FAE04EC0-301F-11D3-BF4B-00C04F79EFBC}") = "Bank Account", "Bank Account\Bank Account.csproj", "{961DEDF7-FA4E-476E-924D-70257B7CD06E}"
EndProject
Project("{FAE04EC0-301F-11D3-BF4B-00C04F79EFBC}") = "Person", "Person\Person.csproj", "{EEA5E2A7-DD36-4BD6-92BF-586D80ADB5A2}"
EndProject
Project("{FAE04EC0-301F-11D3-BF4B-00C04F79EFBC}") = "Date Modifier", "Date Modifier\Date Modifier.csproj", "{6ACD8AFB-4175-4299-86D5-AA98AEF47A90}"
EndProject
Project("{FAE04EC0-301F-11D3-BF4B-00C04F79EFBC}") = "Company Roster", "Company Roster\Company Roster.csproj", "{3EE56909-7DE9-43FB-A816-05260CC9A45F}"
EndProject
Project("{FAE04EC0-301F-11D3-BF4B-00C04F79EFBC}") = "Speed Racing", "Speed Racing\Speed Racing.csproj", "{0F28017E-863C-4EAF-A79D-F3E04B83DD98}"
EndProject
Project("{FAE04EC0-301F-11D3-BF4B-00C04F79EFBC}") = "Raw Data", "Raw Data\Raw Data.csproj", "{3EBF5784-605C-4C6E-84BE-2E2DBB37AD48}"
EndProject
Project("{FAE04EC0-301F-11D3-BF4B-00C04F79EFBC}") = "Rectangle Intersection", "Rectangle Intersection\Rectangle Intersection.csproj", "{1A6485E1-CD13-43FB-BEBC-D21F65FF93F4}"
EndProject
Project("{FAE04EC0-301F-11D3-BF4B-00C04F79EFBC}") = "Car Salesman", "Car Salesman\Car Salesman.csproj", "{0942529E-143F-4520-ACB1-F8603D3C8797}"
EndProject
Project("{FAE04EC0-301F-11D3-BF4B-00C04F79EFBC}") = "Pokemon Trainer", "Pokemon Trainer\Pokemon Trainer.csproj", "{D0AB7E2E-C8B1-4379-9C92-A3DB02A72A26}"
EndProject
Project("{FAE04EC0-301F-11D3-BF4B-00C04F79EFBC}") = "Google", "Google\Google.csproj", "{05A80104-C92C-4D97-8B55-E763DD56006B}"
EndProject
Project("{FAE04EC0-301F-11D3-BF4B-00C04F79EFBC}") = "Family Tree", "Family Tree\Family Tree.csproj", "{75312A48-D0BE-46F7-9E05-B5D937DF22CF}"
EndProject
Global
	GlobalSection(SolutionConfigurationPlatforms) = preSolution
		Debug|Any CPU = Debug|Any CPU
		Release|Any CPU = Release|Any CPU
	EndGlobalSection
	GlobalSection(ProjectConfigurationPlatforms) = postSolution
		{961DEDF7-FA4E-476E-924D-70257B7CD06E}.Debug|Any CPU.ActiveCfg = Debug|Any CPU
		{961DEDF7-FA4E-476E-924D-70257B7CD06E}.Debug|Any CPU.Build.0 = Debug|Any CPU
		{961DEDF7-FA4E-476E-924D-70257B7CD06E}.Release|Any CPU.ActiveCfg = Release|Any CPU
		{961DEDF7-FA4E-476E-924D-70257B7CD06E}.Release|Any CPU.Build.0 = Release|Any CPU
		{EEA5E2A7-DD36-4BD6-92BF-586D80ADB5A2}.Debug|Any CPU.ActiveCfg = Debug|Any CPU
		{EEA5E2A7-DD36-4BD6-92BF-586D80ADB5A2}.Debug|Any CPU.Build.0 = Debug|Any CPU
		{EEA5E2A7-DD36-4BD6-92BF-586D80ADB5A2}.Release|Any CPU.ActiveCfg = Release|Any CPU
		{EEA5E2A7-DD36-4BD6-92BF-586D80ADB5A2}.Release|Any CPU.Build.0 = Release|Any CPU
		{6ACD8AFB-4175-4299-86D5-AA98AEF47A90}.Debug|Any CPU.ActiveCfg = Debug|Any CPU
		{6ACD8AFB-4175-4299-86D5-AA98AEF47A90}.Debug|Any CPU.Build.0 = Debug|Any CPU
		{6ACD8AFB-4175-4299-86D5-AA98AEF47A90}.Release|Any CPU.ActiveCfg = Release|Any CPU
		{6ACD8AFB-4175-4299-86D5-AA98AEF47A90}.Release|Any CPU.Build.0 = Release|Any CPU
		{3EE56909-7DE9-43FB-A816-05260CC9A45F}.Debug|Any CPU.ActiveCfg = Debug|Any CPU
		{3EE56909-7DE9-43FB-A816-05260CC9A45F}.Debug|Any CPU.Build.0 = Debug|Any CPU
		{3EE56909-7DE9-43FB-A816-05260CC9A45F}.Release|Any CPU.ActiveCfg = Release|Any CPU
		{3EE56909-7DE9-43FB-A816-05260CC9A45F}.Release|Any CPU.Build.0 = Release|Any CPU
		{0F28017E-863C-4EAF-A79D-F3E04B83DD98}.Debug|Any CPU.ActiveCfg = Debug|Any CPU
		{0F28017E-863C-4EAF-A79D-F3E04B83DD98}.Debug|Any CPU.Build.0 = Debug|Any CPU
		{0F28017E-863C-4EAF-A79D-F3E04B83DD98}.Release|Any CPU.ActiveCfg = Release|Any CPU
		{0F28017E-863C-4EAF-A79D-F3E04B83DD98}.Release|Any CPU.Build.0 = Release|Any CPU
		{3EBF5784-605C-4C6E-84BE-2E2DBB37AD48}.Debug|Any CPU.ActiveCfg = Debug|Any CPU
		{3EBF5784-605C-4C6E-84BE-2E2DBB37AD48}.Debug|Any CPU.Build.0 = Debug|Any CPU
		{3EBF5784-605C-4C6E-84BE-2E2DBB37AD48}.Release|Any CPU.ActiveCfg = Release|Any CPU
		{3EBF5784-605C-4C6E-84BE-2E2DBB37AD48}.Release|Any CPU.Build.0 = Release|Any CPU
		{1A6485E1-CD13-43FB-BEBC-D21F65FF93F4}.Debug|Any CPU.ActiveCfg = Debug|Any CPU
		{1A6485E1-CD13-43FB-BEBC-D21F65FF93F4}.Debug|Any CPU.Build.0 = Debug|Any CPU
		{1A6485E1-CD13-43FB-BEBC-D21F65FF93F4}.Release|Any CPU.ActiveCfg = Release|Any CPU
		{1A6485E1-CD13-43FB-BEBC-D21F65FF93F4}.Release|Any CPU.Build.0 = Release|Any CPU
		{0942529E-143F-4520-ACB1-F8603D3C8797}.Debug|Any CPU.ActiveCfg = Debug|Any CPU
		{0942529E-143F-4520-ACB1-F8603D3C8797}.Debug|Any CPU.Build.0 = Debug|Any CPU
		{0942529E-143F-4520-ACB1-F8603D3C8797}.Release|Any CPU.ActiveCfg = Release|Any CPU
		{0942529E-143F-4520-ACB1-F8603D3C8797}.Release|Any CPU.Build.0 = Release|Any CPU
		{D0AB7E2E-C8B1-4379-9C92-A3DB02A72A26}.Debug|Any CPU.ActiveCfg = Debug|Any CPU
		{D0AB7E2E-C8B1-4379-9C92-A3DB02A72A26}.Debug|Any CPU.Build.0 = Debug|Any CPU
		{D0AB7E2E-C8B1-4379-9C92-A3DB02A72A26}.Release|Any CPU.ActiveCfg = Release|Any CPU
		{D0AB7E2E-C8B1-4379-9C92-A3DB02A72A26}.Release|Any CPU.Build.0 = Release|Any CPU
		{05A80104-C92C-4D97-8B55-E763DD56006B}.Debug|Any CPU.ActiveCfg = Debug|Any CPU
		{05A80104-C92C-4D97-8B55-E763DD56006B}.Debug|Any CPU.Build.0 = Debug|Any CPU
		{05A80104-C92C-4D97-8B55-E763DD56006B}.Release|Any CPU.ActiveCfg = Release|Any CPU
		{05A80104-C92C-4D97-8B55-E763DD56006B}.Release|Any CPU.Build.0 = Release|Any CPU
		{75312A48-D0BE-46F7-9E05-B5D937DF22CF}.Debug|Any CPU.ActiveCfg = Debug|Any CPU
		{75312A48-D0BE-46F7-9E05-B5D937DF22CF}.Debug|Any CPU.Build.0 = Debug|Any CPU
		{75312A48-D0BE-46F7-9E05-B5D937DF22CF}.Release|Any CPU.ActiveCfg = Release|Any CPU
		{75312A48-D0BE-46F7-9E05-B5D937DF22CF}.Release|Any CPU.Build.0 = Release|Any CPU
	EndGlobalSection
	GlobalSection(SolutionProperties) = preSolution
		HideSolutionNode = FALSE
	EndGlobalSection
	GlobalSection(ExtensibilityGlobals) = postSolution
		SolutionGuid = {D95EAA61-6B48-40DF-A97D-39B4F3774FB2}
	EndGlobalSection
EndGlobal
