
Microsoft Visual Studio Solution File, Format Version 12.00
# Visual Studio 14
VisualStudioVersion = 14.0.24720.0
MinimumVisualStudioVersion = 10.0.40219.1
Project("{FAE04EC0-301F-11D3-BF4B-00C04F79EFBC}") = "1.Rectangle of 10 x 10 Star", "1.Rectangle of 10 x 10 Star\1.Rectangle of 10 x 10 Star.csproj", "{0D3FDFD4-1691-4A4A-91E0-C786C238A4A2}"
EndProject
Project("{FAE04EC0-301F-11D3-BF4B-00C04F79EFBC}") = "2.Rectangle of N x N Stars", "2.Rectangle of N x N Stars\2.Rectangle of N x N Stars.csproj", "{5E7ECC30-54B4-4B19-8ADA-92E352066FF4}"
EndProject
Project("{FAE04EC0-301F-11D3-BF4B-00C04F79EFBC}") = "3.Square of Stars", "3.Square of Stars\3.Square of Stars.csproj", "{0681F3BF-A606-4FB0-B053-F2A1B4947831}"
EndProject
Project("{FAE04EC0-301F-11D3-BF4B-00C04F79EFBC}") = "4.Triangle of Dollars", "4.Triangle of Dollars\4.Triangle of Dollars.csproj", "{2FA0C1E7-B609-4B4B-A36C-C253FE74046B}"
EndProject
Project("{FAE04EC0-301F-11D3-BF4B-00C04F79EFBC}") = "5.Square Frame", "5.Square Frame\5.Square Frame.csproj", "{808E4ECF-C72F-457C-9568-C45DE3B3D91E}"
EndProject
Project("{FAE04EC0-301F-11D3-BF4B-00C04F79EFBC}") = "6.Rhombus of Stars....NotDone", "6.Rhombus of Stars\6.Rhombus of Stars....NotDone.csproj", "{0845A60B-4166-4D55-AFE0-01F0C71D3C07}"
EndProject
Project("{FAE04EC0-301F-11D3-BF4B-00C04F79EFBC}") = "7", "7\7.csproj", "{0A220607-9398-4E8A-8668-92BEAAF26D6A}"
EndProject
Project("{FAE04EC0-301F-11D3-BF4B-00C04F79EFBC}") = "Practice", "Practice\Practice.csproj", "{FC837A54-657B-40FC-AB61-17FE1D718887}"
EndProject
Project("{FAE04EC0-301F-11D3-BF4B-00C04F79EFBC}") = "8.Sunglasses", "8.Sunglasses\8.Sunglasses.csproj", "{BBB40359-5DAE-489A-9088-673C7DECE8AB}"
EndProject
Project("{FAE04EC0-301F-11D3-BF4B-00C04F79EFBC}") = "Housee", "Housee\Housee.csproj", "{C4636579-9659-44C8-8899-03B23C6F5146}"
EndProject
Project("{FAE04EC0-301F-11D3-BF4B-00C04F79EFBC}") = "Diamond.......Hard", "Diamond.......Hard\Diamond.......Hard.csproj", "{A04B8189-50BC-4667-A356-352C77763C30}"
EndProject
Project("{FAE04EC0-301F-11D3-BF4B-00C04F79EFBC}") = "13. Чертане на крепост", "13. Чертане на крепост\13. Чертане на крепост.csproj", "{E98419C2-66C7-4EB2-B40C-ED2F6E5BA32E}"
EndProject
Project("{FAE04EC0-301F-11D3-BF4B-00C04F79EFBC}") = "14. Пеперуда", "14. Пеперуда\14. Пеперуда.csproj", "{71505C19-C345-4073-906B-EEB35C1458B2}"
EndProject
Project("{FAE04EC0-301F-11D3-BF4B-00C04F79EFBC}") = "15. Знак СТОП", "15. Знак СТОП\15. Знак СТОП.csproj", "{8896FB74-7379-4872-A7B8-8C87849034A1}"
EndProject
Global
	GlobalSection(SolutionConfigurationPlatforms) = preSolution
		Debug|Any CPU = Debug|Any CPU
		Debug|ARM = Debug|ARM
		Debug|x64 = Debug|x64
		Debug|x86 = Debug|x86
		Release|Any CPU = Release|Any CPU
		Release|ARM = Release|ARM
		Release|x64 = Release|x64
		Release|x86 = Release|x86
	EndGlobalSection
	GlobalSection(ProjectConfigurationPlatforms) = postSolution
		{0D3FDFD4-1691-4A4A-91E0-C786C238A4A2}.Debug|Any CPU.ActiveCfg = Debug|Any CPU
		{0D3FDFD4-1691-4A4A-91E0-C786C238A4A2}.Debug|Any CPU.Build.0 = Debug|Any CPU
		{0D3FDFD4-1691-4A4A-91E0-C786C238A4A2}.Debug|ARM.ActiveCfg = Debug|Any CPU
		{0D3FDFD4-1691-4A4A-91E0-C786C238A4A2}.Debug|ARM.Build.0 = Debug|Any CPU
		{0D3FDFD4-1691-4A4A-91E0-C786C238A4A2}.Debug|x64.ActiveCfg = Debug|Any CPU
		{0D3FDFD4-1691-4A4A-91E0-C786C238A4A2}.Debug|x64.Build.0 = Debug|Any CPU
		{0D3FDFD4-1691-4A4A-91E0-C786C238A4A2}.Debug|x86.ActiveCfg = Debug|Any CPU
		{0D3FDFD4-1691-4A4A-91E0-C786C238A4A2}.Debug|x86.Build.0 = Debug|Any CPU
		{0D3FDFD4-1691-4A4A-91E0-C786C238A4A2}.Release|Any CPU.ActiveCfg = Release|Any CPU
		{0D3FDFD4-1691-4A4A-91E0-C786C238A4A2}.Release|Any CPU.Build.0 = Release|Any CPU
		{0D3FDFD4-1691-4A4A-91E0-C786C238A4A2}.Release|ARM.ActiveCfg = Release|Any CPU
		{0D3FDFD4-1691-4A4A-91E0-C786C238A4A2}.Release|ARM.Build.0 = Release|Any CPU
		{0D3FDFD4-1691-4A4A-91E0-C786C238A4A2}.Release|x64.ActiveCfg = Release|Any CPU
		{0D3FDFD4-1691-4A4A-91E0-C786C238A4A2}.Release|x64.Build.0 = Release|Any CPU
		{0D3FDFD4-1691-4A4A-91E0-C786C238A4A2}.Release|x86.ActiveCfg = Release|Any CPU
		{0D3FDFD4-1691-4A4A-91E0-C786C238A4A2}.Release|x86.Build.0 = Release|Any CPU
		{5E7ECC30-54B4-4B19-8ADA-92E352066FF4}.Debug|Any CPU.ActiveCfg = Debug|Any CPU
		{5E7ECC30-54B4-4B19-8ADA-92E352066FF4}.Debug|Any CPU.Build.0 = Debug|Any CPU
		{5E7ECC30-54B4-4B19-8ADA-92E352066FF4}.Debug|ARM.ActiveCfg = Debug|Any CPU
		{5E7ECC30-54B4-4B19-8ADA-92E352066FF4}.Debug|ARM.Build.0 = Debug|Any CPU
		{5E7ECC30-54B4-4B19-8ADA-92E352066FF4}.Debug|x64.ActiveCfg = Debug|Any CPU
		{5E7ECC30-54B4-4B19-8ADA-92E352066FF4}.Debug|x64.Build.0 = Debug|Any CPU
		{5E7ECC30-54B4-4B19-8ADA-92E352066FF4}.Debug|x86.ActiveCfg = Debug|Any CPU
		{5E7ECC30-54B4-4B19-8ADA-92E352066FF4}.Debug|x86.Build.0 = Debug|Any CPU
		{5E7ECC30-54B4-4B19-8ADA-92E352066FF4}.Release|Any CPU.ActiveCfg = Release|Any CPU
		{5E7ECC30-54B4-4B19-8ADA-92E352066FF4}.Release|Any CPU.Build.0 = Release|Any CPU
		{5E7ECC30-54B4-4B19-8ADA-92E352066FF4}.Release|ARM.ActiveCfg = Release|Any CPU
		{5E7ECC30-54B4-4B19-8ADA-92E352066FF4}.Release|ARM.Build.0 = Release|Any CPU
		{5E7ECC30-54B4-4B19-8ADA-92E352066FF4}.Release|x64.ActiveCfg = Release|Any CPU
		{5E7ECC30-54B4-4B19-8ADA-92E352066FF4}.Release|x64.Build.0 = Release|Any CPU
		{5E7ECC30-54B4-4B19-8ADA-92E352066FF4}.Release|x86.ActiveCfg = Release|Any CPU
		{5E7ECC30-54B4-4B19-8ADA-92E352066FF4}.Release|x86.Build.0 = Release|Any CPU
		{0681F3BF-A606-4FB0-B053-F2A1B4947831}.Debug|Any CPU.ActiveCfg = Debug|Any CPU
		{0681F3BF-A606-4FB0-B053-F2A1B4947831}.Debug|Any CPU.Build.0 = Debug|Any CPU
		{0681F3BF-A606-4FB0-B053-F2A1B4947831}.Debug|ARM.ActiveCfg = Debug|Any CPU
		{0681F3BF-A606-4FB0-B053-F2A1B4947831}.Debug|ARM.Build.0 = Debug|Any CPU
		{0681F3BF-A606-4FB0-B053-F2A1B4947831}.Debug|x64.ActiveCfg = Debug|Any CPU
		{0681F3BF-A606-4FB0-B053-F2A1B4947831}.Debug|x64.Build.0 = Debug|Any CPU
		{0681F3BF-A606-4FB0-B053-F2A1B4947831}.Debug|x86.ActiveCfg = Debug|Any CPU
		{0681F3BF-A606-4FB0-B053-F2A1B4947831}.Debug|x86.Build.0 = Debug|Any CPU
		{0681F3BF-A606-4FB0-B053-F2A1B4947831}.Release|Any CPU.ActiveCfg = Release|Any CPU
		{0681F3BF-A606-4FB0-B053-F2A1B4947831}.Release|Any CPU.Build.0 = Release|Any CPU
		{0681F3BF-A606-4FB0-B053-F2A1B4947831}.Release|ARM.ActiveCfg = Release|Any CPU
		{0681F3BF-A606-4FB0-B053-F2A1B4947831}.Release|ARM.Build.0 = Release|Any CPU
		{0681F3BF-A606-4FB0-B053-F2A1B4947831}.Release|x64.ActiveCfg = Release|Any CPU
		{0681F3BF-A606-4FB0-B053-F2A1B4947831}.Release|x64.Build.0 = Release|Any CPU
		{0681F3BF-A606-4FB0-B053-F2A1B4947831}.Release|x86.ActiveCfg = Release|Any CPU
		{0681F3BF-A606-4FB0-B053-F2A1B4947831}.Release|x86.Build.0 = Release|Any CPU
		{2FA0C1E7-B609-4B4B-A36C-C253FE74046B}.Debug|Any CPU.ActiveCfg = Debug|Any CPU
		{2FA0C1E7-B609-4B4B-A36C-C253FE74046B}.Debug|Any CPU.Build.0 = Debug|Any CPU
		{2FA0C1E7-B609-4B4B-A36C-C253FE74046B}.Debug|ARM.ActiveCfg = Debug|Any CPU
		{2FA0C1E7-B609-4B4B-A36C-C253FE74046B}.Debug|ARM.Build.0 = Debug|Any CPU
		{2FA0C1E7-B609-4B4B-A36C-C253FE74046B}.Debug|x64.ActiveCfg = Debug|Any CPU
		{2FA0C1E7-B609-4B4B-A36C-C253FE74046B}.Debug|x64.Build.0 = Debug|Any CPU
		{2FA0C1E7-B609-4B4B-A36C-C253FE74046B}.Debug|x86.ActiveCfg = Debug|Any CPU
		{2FA0C1E7-B609-4B4B-A36C-C253FE74046B}.Debug|x86.Build.0 = Debug|Any CPU
		{2FA0C1E7-B609-4B4B-A36C-C253FE74046B}.Release|Any CPU.ActiveCfg = Release|Any CPU
		{2FA0C1E7-B609-4B4B-A36C-C253FE74046B}.Release|Any CPU.Build.0 = Release|Any CPU
		{2FA0C1E7-B609-4B4B-A36C-C253FE74046B}.Release|ARM.ActiveCfg = Release|Any CPU
		{2FA0C1E7-B609-4B4B-A36C-C253FE74046B}.Release|ARM.Build.0 = Release|Any CPU
		{2FA0C1E7-B609-4B4B-A36C-C253FE74046B}.Release|x64.ActiveCfg = Release|Any CPU
		{2FA0C1E7-B609-4B4B-A36C-C253FE74046B}.Release|x64.Build.0 = Release|Any CPU
		{2FA0C1E7-B609-4B4B-A36C-C253FE74046B}.Release|x86.ActiveCfg = Release|Any CPU
		{2FA0C1E7-B609-4B4B-A36C-C253FE74046B}.Release|x86.Build.0 = Release|Any CPU
		{808E4ECF-C72F-457C-9568-C45DE3B3D91E}.Debug|Any CPU.ActiveCfg = Debug|Any CPU
		{808E4ECF-C72F-457C-9568-C45DE3B3D91E}.Debug|Any CPU.Build.0 = Debug|Any CPU
		{808E4ECF-C72F-457C-9568-C45DE3B3D91E}.Debug|ARM.ActiveCfg = Debug|Any CPU
		{808E4ECF-C72F-457C-9568-C45DE3B3D91E}.Debug|ARM.Build.0 = Debug|Any CPU
		{808E4ECF-C72F-457C-9568-C45DE3B3D91E}.Debug|x64.ActiveCfg = Debug|Any CPU
		{808E4ECF-C72F-457C-9568-C45DE3B3D91E}.Debug|x64.Build.0 = Debug|Any CPU
		{808E4ECF-C72F-457C-9568-C45DE3B3D91E}.Debug|x86.ActiveCfg = Debug|Any CPU
		{808E4ECF-C72F-457C-9568-C45DE3B3D91E}.Debug|x86.Build.0 = Debug|Any CPU
		{808E4ECF-C72F-457C-9568-C45DE3B3D91E}.Release|Any CPU.ActiveCfg = Release|Any CPU
		{808E4ECF-C72F-457C-9568-C45DE3B3D91E}.Release|Any CPU.Build.0 = Release|Any CPU
		{808E4ECF-C72F-457C-9568-C45DE3B3D91E}.Release|ARM.ActiveCfg = Release|Any CPU
		{808E4ECF-C72F-457C-9568-C45DE3B3D91E}.Release|ARM.Build.0 = Release|Any CPU
		{808E4ECF-C72F-457C-9568-C45DE3B3D91E}.Release|x64.ActiveCfg = Release|Any CPU
		{808E4ECF-C72F-457C-9568-C45DE3B3D91E}.Release|x64.Build.0 = Release|Any CPU
		{808E4ECF-C72F-457C-9568-C45DE3B3D91E}.Release|x86.ActiveCfg = Release|Any CPU
		{808E4ECF-C72F-457C-9568-C45DE3B3D91E}.Release|x86.Build.0 = Release|Any CPU
		{0845A60B-4166-4D55-AFE0-01F0C71D3C07}.Debug|Any CPU.ActiveCfg = Debug|Any CPU
		{0845A60B-4166-4D55-AFE0-01F0C71D3C07}.Debug|Any CPU.Build.0 = Debug|Any CPU
		{0845A60B-4166-4D55-AFE0-01F0C71D3C07}.Debug|ARM.ActiveCfg = Debug|Any CPU
		{0845A60B-4166-4D55-AFE0-01F0C71D3C07}.Debug|ARM.Build.0 = Debug|Any CPU
		{0845A60B-4166-4D55-AFE0-01F0C71D3C07}.Debug|x64.ActiveCfg = Debug|Any CPU
		{0845A60B-4166-4D55-AFE0-01F0C71D3C07}.Debug|x64.Build.0 = Debug|Any CPU
		{0845A60B-4166-4D55-AFE0-01F0C71D3C07}.Debug|x86.ActiveCfg = Debug|Any CPU
		{0845A60B-4166-4D55-AFE0-01F0C71D3C07}.Debug|x86.Build.0 = Debug|Any CPU
		{0845A60B-4166-4D55-AFE0-01F0C71D3C07}.Release|Any CPU.ActiveCfg = Release|Any CPU
		{0845A60B-4166-4D55-AFE0-01F0C71D3C07}.Release|Any CPU.Build.0 = Release|Any CPU
		{0845A60B-4166-4D55-AFE0-01F0C71D3C07}.Release|ARM.ActiveCfg = Release|Any CPU
		{0845A60B-4166-4D55-AFE0-01F0C71D3C07}.Release|ARM.Build.0 = Release|Any CPU
		{0845A60B-4166-4D55-AFE0-01F0C71D3C07}.Release|x64.ActiveCfg = Release|Any CPU
		{0845A60B-4166-4D55-AFE0-01F0C71D3C07}.Release|x64.Build.0 = Release|Any CPU
		{0845A60B-4166-4D55-AFE0-01F0C71D3C07}.Release|x86.ActiveCfg = Release|Any CPU
		{0845A60B-4166-4D55-AFE0-01F0C71D3C07}.Release|x86.Build.0 = Release|Any CPU
		{0A220607-9398-4E8A-8668-92BEAAF26D6A}.Debug|Any CPU.ActiveCfg = Debug|Any CPU
		{0A220607-9398-4E8A-8668-92BEAAF26D6A}.Debug|Any CPU.Build.0 = Debug|Any CPU
		{0A220607-9398-4E8A-8668-92BEAAF26D6A}.Debug|ARM.ActiveCfg = Debug|Any CPU
		{0A220607-9398-4E8A-8668-92BEAAF26D6A}.Debug|ARM.Build.0 = Debug|Any CPU
		{0A220607-9398-4E8A-8668-92BEAAF26D6A}.Debug|x64.ActiveCfg = Debug|Any CPU
		{0A220607-9398-4E8A-8668-92BEAAF26D6A}.Debug|x64.Build.0 = Debug|Any CPU
		{0A220607-9398-4E8A-8668-92BEAAF26D6A}.Debug|x86.ActiveCfg = Debug|Any CPU
		{0A220607-9398-4E8A-8668-92BEAAF26D6A}.Debug|x86.Build.0 = Debug|Any CPU
		{0A220607-9398-4E8A-8668-92BEAAF26D6A}.Release|Any CPU.ActiveCfg = Release|Any CPU
		{0A220607-9398-4E8A-8668-92BEAAF26D6A}.Release|Any CPU.Build.0 = Release|Any CPU
		{0A220607-9398-4E8A-8668-92BEAAF26D6A}.Release|ARM.ActiveCfg = Release|Any CPU
		{0A220607-9398-4E8A-8668-92BEAAF26D6A}.Release|ARM.Build.0 = Release|Any CPU
		{0A220607-9398-4E8A-8668-92BEAAF26D6A}.Release|x64.ActiveCfg = Release|Any CPU
		{0A220607-9398-4E8A-8668-92BEAAF26D6A}.Release|x64.Build.0 = Release|Any CPU
		{0A220607-9398-4E8A-8668-92BEAAF26D6A}.Release|x86.ActiveCfg = Release|Any CPU
		{0A220607-9398-4E8A-8668-92BEAAF26D6A}.Release|x86.Build.0 = Release|Any CPU
		{FC837A54-657B-40FC-AB61-17FE1D718887}.Debug|Any CPU.ActiveCfg = Debug|Any CPU
		{FC837A54-657B-40FC-AB61-17FE1D718887}.Debug|Any CPU.Build.0 = Debug|Any CPU
		{FC837A54-657B-40FC-AB61-17FE1D718887}.Debug|ARM.ActiveCfg = Debug|Any CPU
		{FC837A54-657B-40FC-AB61-17FE1D718887}.Debug|ARM.Build.0 = Debug|Any CPU
		{FC837A54-657B-40FC-AB61-17FE1D718887}.Debug|x64.ActiveCfg = Debug|Any CPU
		{FC837A54-657B-40FC-AB61-17FE1D718887}.Debug|x64.Build.0 = Debug|Any CPU
		{FC837A54-657B-40FC-AB61-17FE1D718887}.Debug|x86.ActiveCfg = Debug|Any CPU
		{FC837A54-657B-40FC-AB61-17FE1D718887}.Debug|x86.Build.0 = Debug|Any CPU
		{FC837A54-657B-40FC-AB61-17FE1D718887}.Release|Any CPU.ActiveCfg = Release|Any CPU
		{FC837A54-657B-40FC-AB61-17FE1D718887}.Release|Any CPU.Build.0 = Release|Any CPU
		{FC837A54-657B-40FC-AB61-17FE1D718887}.Release|ARM.ActiveCfg = Release|Any CPU
		{FC837A54-657B-40FC-AB61-17FE1D718887}.Release|ARM.Build.0 = Release|Any CPU
		{FC837A54-657B-40FC-AB61-17FE1D718887}.Release|x64.ActiveCfg = Release|Any CPU
		{FC837A54-657B-40FC-AB61-17FE1D718887}.Release|x64.Build.0 = Release|Any CPU
		{FC837A54-657B-40FC-AB61-17FE1D718887}.Release|x86.ActiveCfg = Release|Any CPU
		{FC837A54-657B-40FC-AB61-17FE1D718887}.Release|x86.Build.0 = Release|Any CPU
		{BBB40359-5DAE-489A-9088-673C7DECE8AB}.Debug|Any CPU.ActiveCfg = Debug|Any CPU
		{BBB40359-5DAE-489A-9088-673C7DECE8AB}.Debug|Any CPU.Build.0 = Debug|Any CPU
		{BBB40359-5DAE-489A-9088-673C7DECE8AB}.Debug|ARM.ActiveCfg = Debug|Any CPU
		{BBB40359-5DAE-489A-9088-673C7DECE8AB}.Debug|ARM.Build.0 = Debug|Any CPU
		{BBB40359-5DAE-489A-9088-673C7DECE8AB}.Debug|x64.ActiveCfg = Debug|Any CPU
		{BBB40359-5DAE-489A-9088-673C7DECE8AB}.Debug|x64.Build.0 = Debug|Any CPU
		{BBB40359-5DAE-489A-9088-673C7DECE8AB}.Debug|x86.ActiveCfg = Debug|Any CPU
		{BBB40359-5DAE-489A-9088-673C7DECE8AB}.Debug|x86.Build.0 = Debug|Any CPU
		{BBB40359-5DAE-489A-9088-673C7DECE8AB}.Release|Any CPU.ActiveCfg = Release|Any CPU
		{BBB40359-5DAE-489A-9088-673C7DECE8AB}.Release|Any CPU.Build.0 = Release|Any CPU
		{BBB40359-5DAE-489A-9088-673C7DECE8AB}.Release|ARM.ActiveCfg = Release|Any CPU
		{BBB40359-5DAE-489A-9088-673C7DECE8AB}.Release|ARM.Build.0 = Release|Any CPU
		{BBB40359-5DAE-489A-9088-673C7DECE8AB}.Release|x64.ActiveCfg = Release|Any CPU
		{BBB40359-5DAE-489A-9088-673C7DECE8AB}.Release|x64.Build.0 = Release|Any CPU
		{BBB40359-5DAE-489A-9088-673C7DECE8AB}.Release|x86.ActiveCfg = Release|Any CPU
		{BBB40359-5DAE-489A-9088-673C7DECE8AB}.Release|x86.Build.0 = Release|Any CPU
		{C4636579-9659-44C8-8899-03B23C6F5146}.Debug|Any CPU.ActiveCfg = Debug|Any CPU
		{C4636579-9659-44C8-8899-03B23C6F5146}.Debug|Any CPU.Build.0 = Debug|Any CPU
		{C4636579-9659-44C8-8899-03B23C6F5146}.Debug|ARM.ActiveCfg = Debug|Any CPU
		{C4636579-9659-44C8-8899-03B23C6F5146}.Debug|ARM.Build.0 = Debug|Any CPU
		{C4636579-9659-44C8-8899-03B23C6F5146}.Debug|x64.ActiveCfg = Debug|Any CPU
		{C4636579-9659-44C8-8899-03B23C6F5146}.Debug|x64.Build.0 = Debug|Any CPU
		{C4636579-9659-44C8-8899-03B23C6F5146}.Debug|x86.ActiveCfg = Debug|Any CPU
		{C4636579-9659-44C8-8899-03B23C6F5146}.Debug|x86.Build.0 = Debug|Any CPU
		{C4636579-9659-44C8-8899-03B23C6F5146}.Release|Any CPU.ActiveCfg = Release|Any CPU
		{C4636579-9659-44C8-8899-03B23C6F5146}.Release|Any CPU.Build.0 = Release|Any CPU
		{C4636579-9659-44C8-8899-03B23C6F5146}.Release|ARM.ActiveCfg = Release|Any CPU
		{C4636579-9659-44C8-8899-03B23C6F5146}.Release|ARM.Build.0 = Release|Any CPU
		{C4636579-9659-44C8-8899-03B23C6F5146}.Release|x64.ActiveCfg = Release|Any CPU
		{C4636579-9659-44C8-8899-03B23C6F5146}.Release|x64.Build.0 = Release|Any CPU
		{C4636579-9659-44C8-8899-03B23C6F5146}.Release|x86.ActiveCfg = Release|Any CPU
		{C4636579-9659-44C8-8899-03B23C6F5146}.Release|x86.Build.0 = Release|Any CPU
		{A04B8189-50BC-4667-A356-352C77763C30}.Debug|Any CPU.ActiveCfg = Debug|Any CPU
		{A04B8189-50BC-4667-A356-352C77763C30}.Debug|Any CPU.Build.0 = Debug|Any CPU
		{A04B8189-50BC-4667-A356-352C77763C30}.Debug|ARM.ActiveCfg = Debug|Any CPU
		{A04B8189-50BC-4667-A356-352C77763C30}.Debug|ARM.Build.0 = Debug|Any CPU
		{A04B8189-50BC-4667-A356-352C77763C30}.Debug|x64.ActiveCfg = Debug|Any CPU
		{A04B8189-50BC-4667-A356-352C77763C30}.Debug|x64.Build.0 = Debug|Any CPU
		{A04B8189-50BC-4667-A356-352C77763C30}.Debug|x86.ActiveCfg = Debug|Any CPU
		{A04B8189-50BC-4667-A356-352C77763C30}.Debug|x86.Build.0 = Debug|Any CPU
		{A04B8189-50BC-4667-A356-352C77763C30}.Release|Any CPU.ActiveCfg = Release|Any CPU
		{A04B8189-50BC-4667-A356-352C77763C30}.Release|Any CPU.Build.0 = Release|Any CPU
		{A04B8189-50BC-4667-A356-352C77763C30}.Release|ARM.ActiveCfg = Release|Any CPU
		{A04B8189-50BC-4667-A356-352C77763C30}.Release|ARM.Build.0 = Release|Any CPU
		{A04B8189-50BC-4667-A356-352C77763C30}.Release|x64.ActiveCfg = Release|Any CPU
		{A04B8189-50BC-4667-A356-352C77763C30}.Release|x64.Build.0 = Release|Any CPU
		{A04B8189-50BC-4667-A356-352C77763C30}.Release|x86.ActiveCfg = Release|Any CPU
		{A04B8189-50BC-4667-A356-352C77763C30}.Release|x86.Build.0 = Release|Any CPU
		{E98419C2-66C7-4EB2-B40C-ED2F6E5BA32E}.Debug|Any CPU.ActiveCfg = Debug|Any CPU
		{E98419C2-66C7-4EB2-B40C-ED2F6E5BA32E}.Debug|Any CPU.Build.0 = Debug|Any CPU
		{E98419C2-66C7-4EB2-B40C-ED2F6E5BA32E}.Debug|ARM.ActiveCfg = Debug|Any CPU
		{E98419C2-66C7-4EB2-B40C-ED2F6E5BA32E}.Debug|ARM.Build.0 = Debug|Any CPU
		{E98419C2-66C7-4EB2-B40C-ED2F6E5BA32E}.Debug|x64.ActiveCfg = Debug|Any CPU
		{E98419C2-66C7-4EB2-B40C-ED2F6E5BA32E}.Debug|x64.Build.0 = Debug|Any CPU
		{E98419C2-66C7-4EB2-B40C-ED2F6E5BA32E}.Debug|x86.ActiveCfg = Debug|Any CPU
		{E98419C2-66C7-4EB2-B40C-ED2F6E5BA32E}.Debug|x86.Build.0 = Debug|Any CPU
		{E98419C2-66C7-4EB2-B40C-ED2F6E5BA32E}.Release|Any CPU.ActiveCfg = Release|Any CPU
		{E98419C2-66C7-4EB2-B40C-ED2F6E5BA32E}.Release|Any CPU.Build.0 = Release|Any CPU
		{E98419C2-66C7-4EB2-B40C-ED2F6E5BA32E}.Release|ARM.ActiveCfg = Release|Any CPU
		{E98419C2-66C7-4EB2-B40C-ED2F6E5BA32E}.Release|ARM.Build.0 = Release|Any CPU
		{E98419C2-66C7-4EB2-B40C-ED2F6E5BA32E}.Release|x64.ActiveCfg = Release|Any CPU
		{E98419C2-66C7-4EB2-B40C-ED2F6E5BA32E}.Release|x64.Build.0 = Release|Any CPU
		{E98419C2-66C7-4EB2-B40C-ED2F6E5BA32E}.Release|x86.ActiveCfg = Release|Any CPU
		{E98419C2-66C7-4EB2-B40C-ED2F6E5BA32E}.Release|x86.Build.0 = Release|Any CPU
		{71505C19-C345-4073-906B-EEB35C1458B2}.Debug|Any CPU.ActiveCfg = Debug|Any CPU
		{71505C19-C345-4073-906B-EEB35C1458B2}.Debug|Any CPU.Build.0 = Debug|Any CPU
		{71505C19-C345-4073-906B-EEB35C1458B2}.Debug|ARM.ActiveCfg = Debug|Any CPU
		{71505C19-C345-4073-906B-EEB35C1458B2}.Debug|ARM.Build.0 = Debug|Any CPU
		{71505C19-C345-4073-906B-EEB35C1458B2}.Debug|x64.ActiveCfg = Debug|Any CPU
		{71505C19-C345-4073-906B-EEB35C1458B2}.Debug|x64.Build.0 = Debug|Any CPU
		{71505C19-C345-4073-906B-EEB35C1458B2}.Debug|x86.ActiveCfg = Debug|Any CPU
		{71505C19-C345-4073-906B-EEB35C1458B2}.Debug|x86.Build.0 = Debug|Any CPU
		{71505C19-C345-4073-906B-EEB35C1458B2}.Release|Any CPU.ActiveCfg = Release|Any CPU
		{71505C19-C345-4073-906B-EEB35C1458B2}.Release|Any CPU.Build.0 = Release|Any CPU
		{71505C19-C345-4073-906B-EEB35C1458B2}.Release|ARM.ActiveCfg = Release|Any CPU
		{71505C19-C345-4073-906B-EEB35C1458B2}.Release|ARM.Build.0 = Release|Any CPU
		{71505C19-C345-4073-906B-EEB35C1458B2}.Release|x64.ActiveCfg = Release|Any CPU
		{71505C19-C345-4073-906B-EEB35C1458B2}.Release|x64.Build.0 = Release|Any CPU
		{71505C19-C345-4073-906B-EEB35C1458B2}.Release|x86.ActiveCfg = Release|Any CPU
		{71505C19-C345-4073-906B-EEB35C1458B2}.Release|x86.Build.0 = Release|Any CPU
		{8896FB74-7379-4872-A7B8-8C87849034A1}.Debug|Any CPU.ActiveCfg = Debug|Any CPU
		{8896FB74-7379-4872-A7B8-8C87849034A1}.Debug|Any CPU.Build.0 = Debug|Any CPU
		{8896FB74-7379-4872-A7B8-8C87849034A1}.Debug|ARM.ActiveCfg = Debug|Any CPU
		{8896FB74-7379-4872-A7B8-8C87849034A1}.Debug|ARM.Build.0 = Debug|Any CPU
		{8896FB74-7379-4872-A7B8-8C87849034A1}.Debug|x64.ActiveCfg = Debug|Any CPU
		{8896FB74-7379-4872-A7B8-8C87849034A1}.Debug|x64.Build.0 = Debug|Any CPU
		{8896FB74-7379-4872-A7B8-8C87849034A1}.Debug|x86.ActiveCfg = Debug|Any CPU
		{8896FB74-7379-4872-A7B8-8C87849034A1}.Debug|x86.Build.0 = Debug|Any CPU
		{8896FB74-7379-4872-A7B8-8C87849034A1}.Release|Any CPU.ActiveCfg = Release|Any CPU
		{8896FB74-7379-4872-A7B8-8C87849034A1}.Release|Any CPU.Build.0 = Release|Any CPU
		{8896FB74-7379-4872-A7B8-8C87849034A1}.Release|ARM.ActiveCfg = Release|Any CPU
		{8896FB74-7379-4872-A7B8-8C87849034A1}.Release|ARM.Build.0 = Release|Any CPU
		{8896FB74-7379-4872-A7B8-8C87849034A1}.Release|x64.ActiveCfg = Release|Any CPU
		{8896FB74-7379-4872-A7B8-8C87849034A1}.Release|x64.Build.0 = Release|Any CPU
		{8896FB74-7379-4872-A7B8-8C87849034A1}.Release|x86.ActiveCfg = Release|Any CPU
		{8896FB74-7379-4872-A7B8-8C87849034A1}.Release|x86.Build.0 = Release|Any CPU
	EndGlobalSection
	GlobalSection(SolutionProperties) = preSolution
		HideSolutionNode = FALSE
	EndGlobalSection
EndGlobal
