
Microsoft Visual Studio Solution File, Format Version 12.00
# Visual Studio 15
VisualStudioVersion = 15.0.26430.6
MinimumVisualStudioVersion = 10.0.40219.1
Project("{FAE04EC0-301F-11D3-BF4B-00C04F79EFBC}") = "⦁ Centuries to Minutes", "⦁ Centuries to Minutes\⦁ Centuries to Minutes.csproj", "{72DB2C12-7B09-4417-A779-0EB8B38CDEFA}"
EndProject
Project("{FAE04EC0-301F-11D3-BF4B-00C04F79EFBC}") = "⦁ Circle Area (12 Digits Precision)", "⦁ Circle Area (12 Digits Precision)\⦁ Circle Area (12 Digits Precision).csproj", "{1F0A6815-DF09-4520-B605-5793963519D2}"
EndProject
Project("{FAE04EC0-301F-11D3-BF4B-00C04F79EFBC}") = "⦁ Exact Sum of Real Numbers", "⦁ Exact Sum of Real Numbers\⦁ Exact Sum of Real Numbers.csproj", "{B474E0C6-E47A-4DF9-A00C-C8AB5528BA92}"
EndProject
Project("{FAE04EC0-301F-11D3-BF4B-00C04F79EFBC}") = "⦁ Elevator", "⦁ Elevator\⦁ Elevator.csproj", "{6666A911-1C38-443C-A0D2-80FD8A6A62F4}"
EndProject
Project("{FAE04EC0-301F-11D3-BF4B-00C04F79EFBC}") = "⦁ Special Numbers", "⦁ Special Numbers\⦁ Special Numbers.csproj", "{75287E17-0C9C-4CF3-8416-AE2201385E92}"
EndProject
Project("{FAE04EC0-301F-11D3-BF4B-00C04F79EFBC}") = "⦁ Greeting", "⦁ Greeting\⦁ Greeting.csproj", "{EA3C7027-252C-4BE7-91E3-DAD1442A2E83}"
EndProject
Project("{FAE04EC0-301F-11D3-BF4B-00C04F79EFBC}") = "⦁ Refactor Volume of Pyramid", "⦁ Refactor Volume of Pyramid\⦁ Refactor Volume of Pyramid.csproj", "{8587E744-7213-4259-AA06-31D65D778474}"
EndProject
Project("{FAE04EC0-301F-11D3-BF4B-00C04F79EFBC}") = "⦁ Refactor Special Numbers", "⦁ Refactor Special Numbers\⦁ Refactor Special Numbers.csproj", "{2731F5F6-73D2-44C1-98FA-3432771AF724}"
EndProject
Project("{2150E333-8FDC-42A3-9474-1A3956D46DE8}") = "Data Types and Variables", "Data Types and Variables", "{DE52B3AF-EA13-4DF4-BB0B-ECFB6DBF820C}"
EndProject
Project("{FAE04EC0-301F-11D3-BF4B-00C04F79EFBC}") = "⦁ Practice Integer Numbers", "⦁ Practice Integer Numbers\⦁ Practice Integer Numbers.csproj", "{06C06E18-CDC9-4F71-A344-BF074AE95AFC}"
EndProject
Project("{FAE04EC0-301F-11D3-BF4B-00C04F79EFBC}") = "⦁ Practice Floating Point Numbers", "⦁ Practice Floating Point Numbers\⦁ Practice Floating Point Numbers.csproj", "{195F5FDA-BA57-4111-B8A9-E6B73DEAB5BF}"
EndProject
Project("{FAE04EC0-301F-11D3-BF4B-00C04F79EFBC}") = "⦁ Practice Characters and Strings", "⦁ Practice Characters and Strings\⦁ Practice Characters and Strings.csproj", "{CBDD18D2-AD94-4354-B2C7-56CF4CF82493}"
EndProject
Project("{FAE04EC0-301F-11D3-BF4B-00C04F79EFBC}") = "⦁ Variable in Hexadecimal Format", "⦁ Variable in Hexadecimal Format\⦁ Variable in Hexadecimal Format.csproj", "{6A0A50B2-5955-4315-B670-7FA0AF998DBA}"
EndProject
Project("{FAE04EC0-301F-11D3-BF4B-00C04F79EFBC}") = "⦁ Strings and Objects", "⦁ Strings and Objects\⦁ Strings and Objects.csproj", "{F321FA20-8A76-4180-BCB0-ADB1221716A6}"
EndProject
Project("{FAE04EC0-301F-11D3-BF4B-00C04F79EFBC}") = "⦁ Exchange Variable Values", "⦁ Exchange Variable Values\⦁ Exchange Variable Values.csproj", "{9C4B1A2E-5296-4F8D-8D16-BCDA39289A3E}"
EndProject
Project("{FAE04EC0-301F-11D3-BF4B-00C04F79EFBC}") = "⦁ Employee Data", "⦁ Employee Data\⦁ Employee Data.csproj", "{BC67B493-CD51-42BF-B27D-73EA45C4374B}"
EndProject
Project("{FAE04EC0-301F-11D3-BF4B-00C04F79EFBC}") = "⦁ Reverse Characters", "⦁ Reverse Characters\⦁ Reverse Characters.csproj", "{EAF7BED7-5FF8-43BE-8AAF-D38D095CA2CA}"
EndProject
Project("{FAE04EC0-301F-11D3-BF4B-00C04F79EFBC}") = "⦁ Centuries to Nanoseconds", "⦁ Centuries to Nanoseconds\⦁ Centuries to Nanoseconds.csproj", "{45DF1E1A-ACAC-467D-AF64-7808C2DDD4E1}"
EndProject
Project("{FAE04EC0-301F-11D3-BF4B-00C04F79EFBC}") = "⦁ Convert Speed Units", "⦁ Convert Speed Units\⦁ Convert Speed Units.csproj", "{23FE2552-721A-4572-A5EC-7F4EE156B65F}"
EndProject
Project("{FAE04EC0-301F-11D3-BF4B-00C04F79EFBC}") = "⦁ Rectangle Properties", "⦁ Rectangle Properties\⦁ Rectangle Properties.csproj", "{ABE41D9D-7D7D-4273-ADB0-B23A77AF44F4}"
EndProject
Project("{FAE04EC0-301F-11D3-BF4B-00C04F79EFBC}") = "⦁ Vowel or Digit", "⦁ Vowel or Digit\⦁ Vowel or Digit.csproj", "{D0F41A1F-8B99-4C1B-952A-8284FCAED88D}"
EndProject
Project("{FAE04EC0-301F-11D3-BF4B-00C04F79EFBC}") = "⦁ Integer to Hex and Binary", "⦁ Integer to Hex and Binary\⦁ Integer to Hex and Binary.csproj", "{9D3D1764-831B-4EE3-9C72-5188D1528031}"
EndProject
Project("{FAE04EC0-301F-11D3-BF4B-00C04F79EFBC}") = "⦁ Fast Prime Checker - Refactor", "⦁ Fast Prime Checker - Refactor\⦁ Fast Prime Checker - Refactor.csproj", "{54604D59-9F40-4D46-BC80-C47A57B552E5}"
EndProject
Project("{FAE04EC0-301F-11D3-BF4B-00C04F79EFBC}") = "⦁ !!!Comparing Floats", "⦁ !!!Comparing Floats\⦁ !!!Comparing Floats.csproj", "{03DABEBF-AF33-47EF-9F3D-3298E0A982A0}"
EndProject
Project("{FAE04EC0-301F-11D3-BF4B-00C04F79EFBC}") = "⦁ Print Part of the ASCII Table", "⦁ Print Part of the ASCII Table\⦁ Print Part of the ASCII Table.csproj", "{EAD91969-5597-4605-9DF9-7B6DB81DFE39}"
EndProject
Project("{FAE04EC0-301F-11D3-BF4B-00C04F79EFBC}") = "⦁ !!!! Different Integers Size", "⦁ !!!! Different Integers Size\⦁ !!!! Different Integers Size.csproj", "{9AD4E3C9-7597-4AFA-8136-E6D4AEB91389}"
EndProject
Project("{FAE04EC0-301F-11D3-BF4B-00C04F79EFBC}") = "⦁ !!!! Thea the Photographer", "⦁ !!!! Thea the Photographer\⦁ !!!! Thea the Photographer.csproj", "{CA009481-3674-4C2B-AB2E-CD62B6B3A354}"
EndProject
Project("{2150E333-8FDC-42A3-9474-1A3956D46DE8}") = "Extended", "Extended", "{0C06AA89-27DA-47F1-9CF1-1C3770713DF6}"
EndProject
Project("{FAE04EC0-301F-11D3-BF4B-00C04F79EFBC}") = "⦁ Distance of The Stars", "⦁ Float or Integer\⦁ Distance of The Stars.csproj", "{5DB07E52-06E6-4780-9FFE-A64187B9D3B3}"
EndProject
Project("{FAE04EC0-301F-11D3-BF4B-00C04F79EFBC}") = "⦁ Increment Variable", "⦁ Increment Variable\⦁ Increment Variable.csproj", "{51BBC5F3-F1B9-4B0E-9D2B-91B4C2A0C0B4}"
EndProject
Project("{FAE04EC0-301F-11D3-BF4B-00C04F79EFBC}") = "⦁ From Terabytes to Bits", "⦁ From Terabytes to Bits\⦁ From Terabytes to Bits.csproj", "{8BCDEE4D-D127-4CD3-8781-BCCB85898B81}"
EndProject
Project("{FAE04EC0-301F-11D3-BF4B-00C04F79EFBC}") = "⦁ Traveling at Light Speed", "⦁ Traveling at Light Speed\⦁ Traveling at Light Speed.csproj", "{6928C880-F6A1-4273-92FA-B76435ED1970}"
EndProject
Project("{FAE04EC0-301F-11D3-BF4B-00C04F79EFBC}") = "⦁ !!!Triangle Formations", "⦁ !!!Triangle Formations\⦁ !!!Triangle Formations.csproj", "{B3E8FA43-DF1B-419B-9BDD-AB4FEF6544F6}"
EndProject
Project("{FAE04EC0-301F-11D3-BF4B-00C04F79EFBC}") = "⦁  Data Overflow", "⦁  Data Overflow\⦁  Data Overflow.csproj", "{A354FE16-089E-4983-999C-F703BDAB3041}"
EndProject
Project("{FAE04EC0-301F-11D3-BF4B-00C04F79EFBC}") = "Practice!", "Practice!\Practice!.csproj", "{177E363D-0F7F-4921-8B5A-448B7D22A70F}"
EndProject
Project("{FAE04EC0-301F-11D3-BF4B-00C04F79EFBC}") = "⦁ Cypher Roulette", "⦁ Cypher Roulette\⦁ Cypher Roulette.csproj", "{45D052B5-3D84-4121-98FE-95141CB73D05}"
EndProject
Global
	GlobalSection(SolutionConfigurationPlatforms) = preSolution
		Debug|Any CPU = Debug|Any CPU
		Release|Any CPU = Release|Any CPU
	EndGlobalSection
	GlobalSection(ProjectConfigurationPlatforms) = postSolution
		{72DB2C12-7B09-4417-A779-0EB8B38CDEFA}.Debug|Any CPU.ActiveCfg = Debug|Any CPU
		{72DB2C12-7B09-4417-A779-0EB8B38CDEFA}.Debug|Any CPU.Build.0 = Debug|Any CPU
		{72DB2C12-7B09-4417-A779-0EB8B38CDEFA}.Release|Any CPU.ActiveCfg = Release|Any CPU
		{72DB2C12-7B09-4417-A779-0EB8B38CDEFA}.Release|Any CPU.Build.0 = Release|Any CPU
		{1F0A6815-DF09-4520-B605-5793963519D2}.Debug|Any CPU.ActiveCfg = Debug|Any CPU
		{1F0A6815-DF09-4520-B605-5793963519D2}.Debug|Any CPU.Build.0 = Debug|Any CPU
		{1F0A6815-DF09-4520-B605-5793963519D2}.Release|Any CPU.ActiveCfg = Release|Any CPU
		{1F0A6815-DF09-4520-B605-5793963519D2}.Release|Any CPU.Build.0 = Release|Any CPU
		{B474E0C6-E47A-4DF9-A00C-C8AB5528BA92}.Debug|Any CPU.ActiveCfg = Debug|Any CPU
		{B474E0C6-E47A-4DF9-A00C-C8AB5528BA92}.Debug|Any CPU.Build.0 = Debug|Any CPU
		{B474E0C6-E47A-4DF9-A00C-C8AB5528BA92}.Release|Any CPU.ActiveCfg = Release|Any CPU
		{B474E0C6-E47A-4DF9-A00C-C8AB5528BA92}.Release|Any CPU.Build.0 = Release|Any CPU
		{6666A911-1C38-443C-A0D2-80FD8A6A62F4}.Debug|Any CPU.ActiveCfg = Debug|Any CPU
		{6666A911-1C38-443C-A0D2-80FD8A6A62F4}.Debug|Any CPU.Build.0 = Debug|Any CPU
		{6666A911-1C38-443C-A0D2-80FD8A6A62F4}.Release|Any CPU.ActiveCfg = Release|Any CPU
		{6666A911-1C38-443C-A0D2-80FD8A6A62F4}.Release|Any CPU.Build.0 = Release|Any CPU
		{75287E17-0C9C-4CF3-8416-AE2201385E92}.Debug|Any CPU.ActiveCfg = Debug|Any CPU
		{75287E17-0C9C-4CF3-8416-AE2201385E92}.Debug|Any CPU.Build.0 = Debug|Any CPU
		{75287E17-0C9C-4CF3-8416-AE2201385E92}.Release|Any CPU.ActiveCfg = Release|Any CPU
		{75287E17-0C9C-4CF3-8416-AE2201385E92}.Release|Any CPU.Build.0 = Release|Any CPU
		{EA3C7027-252C-4BE7-91E3-DAD1442A2E83}.Debug|Any CPU.ActiveCfg = Debug|Any CPU
		{EA3C7027-252C-4BE7-91E3-DAD1442A2E83}.Debug|Any CPU.Build.0 = Debug|Any CPU
		{EA3C7027-252C-4BE7-91E3-DAD1442A2E83}.Release|Any CPU.ActiveCfg = Release|Any CPU
		{EA3C7027-252C-4BE7-91E3-DAD1442A2E83}.Release|Any CPU.Build.0 = Release|Any CPU
		{8587E744-7213-4259-AA06-31D65D778474}.Debug|Any CPU.ActiveCfg = Debug|Any CPU
		{8587E744-7213-4259-AA06-31D65D778474}.Debug|Any CPU.Build.0 = Debug|Any CPU
		{8587E744-7213-4259-AA06-31D65D778474}.Release|Any CPU.ActiveCfg = Release|Any CPU
		{8587E744-7213-4259-AA06-31D65D778474}.Release|Any CPU.Build.0 = Release|Any CPU
		{2731F5F6-73D2-44C1-98FA-3432771AF724}.Debug|Any CPU.ActiveCfg = Debug|Any CPU
		{2731F5F6-73D2-44C1-98FA-3432771AF724}.Debug|Any CPU.Build.0 = Debug|Any CPU
		{2731F5F6-73D2-44C1-98FA-3432771AF724}.Release|Any CPU.ActiveCfg = Release|Any CPU
		{2731F5F6-73D2-44C1-98FA-3432771AF724}.Release|Any CPU.Build.0 = Release|Any CPU
		{06C06E18-CDC9-4F71-A344-BF074AE95AFC}.Debug|Any CPU.ActiveCfg = Debug|Any CPU
		{06C06E18-CDC9-4F71-A344-BF074AE95AFC}.Debug|Any CPU.Build.0 = Debug|Any CPU
		{06C06E18-CDC9-4F71-A344-BF074AE95AFC}.Release|Any CPU.ActiveCfg = Release|Any CPU
		{06C06E18-CDC9-4F71-A344-BF074AE95AFC}.Release|Any CPU.Build.0 = Release|Any CPU
		{195F5FDA-BA57-4111-B8A9-E6B73DEAB5BF}.Debug|Any CPU.ActiveCfg = Debug|Any CPU
		{195F5FDA-BA57-4111-B8A9-E6B73DEAB5BF}.Debug|Any CPU.Build.0 = Debug|Any CPU
		{195F5FDA-BA57-4111-B8A9-E6B73DEAB5BF}.Release|Any CPU.ActiveCfg = Release|Any CPU
		{195F5FDA-BA57-4111-B8A9-E6B73DEAB5BF}.Release|Any CPU.Build.0 = Release|Any CPU
		{CBDD18D2-AD94-4354-B2C7-56CF4CF82493}.Debug|Any CPU.ActiveCfg = Debug|Any CPU
		{CBDD18D2-AD94-4354-B2C7-56CF4CF82493}.Debug|Any CPU.Build.0 = Debug|Any CPU
		{CBDD18D2-AD94-4354-B2C7-56CF4CF82493}.Release|Any CPU.ActiveCfg = Release|Any CPU
		{CBDD18D2-AD94-4354-B2C7-56CF4CF82493}.Release|Any CPU.Build.0 = Release|Any CPU
		{6A0A50B2-5955-4315-B670-7FA0AF998DBA}.Debug|Any CPU.ActiveCfg = Debug|Any CPU
		{6A0A50B2-5955-4315-B670-7FA0AF998DBA}.Debug|Any CPU.Build.0 = Debug|Any CPU
		{6A0A50B2-5955-4315-B670-7FA0AF998DBA}.Release|Any CPU.ActiveCfg = Release|Any CPU
		{6A0A50B2-5955-4315-B670-7FA0AF998DBA}.Release|Any CPU.Build.0 = Release|Any CPU
		{F321FA20-8A76-4180-BCB0-ADB1221716A6}.Debug|Any CPU.ActiveCfg = Debug|Any CPU
		{F321FA20-8A76-4180-BCB0-ADB1221716A6}.Debug|Any CPU.Build.0 = Debug|Any CPU
		{F321FA20-8A76-4180-BCB0-ADB1221716A6}.Release|Any CPU.ActiveCfg = Release|Any CPU
		{F321FA20-8A76-4180-BCB0-ADB1221716A6}.Release|Any CPU.Build.0 = Release|Any CPU
		{9C4B1A2E-5296-4F8D-8D16-BCDA39289A3E}.Debug|Any CPU.ActiveCfg = Debug|Any CPU
		{9C4B1A2E-5296-4F8D-8D16-BCDA39289A3E}.Debug|Any CPU.Build.0 = Debug|Any CPU
		{9C4B1A2E-5296-4F8D-8D16-BCDA39289A3E}.Release|Any CPU.ActiveCfg = Release|Any CPU
		{9C4B1A2E-5296-4F8D-8D16-BCDA39289A3E}.Release|Any CPU.Build.0 = Release|Any CPU
		{BC67B493-CD51-42BF-B27D-73EA45C4374B}.Debug|Any CPU.ActiveCfg = Debug|Any CPU
		{BC67B493-CD51-42BF-B27D-73EA45C4374B}.Debug|Any CPU.Build.0 = Debug|Any CPU
		{BC67B493-CD51-42BF-B27D-73EA45C4374B}.Release|Any CPU.ActiveCfg = Release|Any CPU
		{BC67B493-CD51-42BF-B27D-73EA45C4374B}.Release|Any CPU.Build.0 = Release|Any CPU
		{EAF7BED7-5FF8-43BE-8AAF-D38D095CA2CA}.Debug|Any CPU.ActiveCfg = Debug|Any CPU
		{EAF7BED7-5FF8-43BE-8AAF-D38D095CA2CA}.Debug|Any CPU.Build.0 = Debug|Any CPU
		{EAF7BED7-5FF8-43BE-8AAF-D38D095CA2CA}.Release|Any CPU.ActiveCfg = Release|Any CPU
		{EAF7BED7-5FF8-43BE-8AAF-D38D095CA2CA}.Release|Any CPU.Build.0 = Release|Any CPU
		{45DF1E1A-ACAC-467D-AF64-7808C2DDD4E1}.Debug|Any CPU.ActiveCfg = Debug|Any CPU
		{45DF1E1A-ACAC-467D-AF64-7808C2DDD4E1}.Debug|Any CPU.Build.0 = Debug|Any CPU
		{45DF1E1A-ACAC-467D-AF64-7808C2DDD4E1}.Release|Any CPU.ActiveCfg = Release|Any CPU
		{45DF1E1A-ACAC-467D-AF64-7808C2DDD4E1}.Release|Any CPU.Build.0 = Release|Any CPU
		{23FE2552-721A-4572-A5EC-7F4EE156B65F}.Debug|Any CPU.ActiveCfg = Debug|Any CPU
		{23FE2552-721A-4572-A5EC-7F4EE156B65F}.Debug|Any CPU.Build.0 = Debug|Any CPU
		{23FE2552-721A-4572-A5EC-7F4EE156B65F}.Release|Any CPU.ActiveCfg = Release|Any CPU
		{23FE2552-721A-4572-A5EC-7F4EE156B65F}.Release|Any CPU.Build.0 = Release|Any CPU
		{ABE41D9D-7D7D-4273-ADB0-B23A77AF44F4}.Debug|Any CPU.ActiveCfg = Debug|Any CPU
		{ABE41D9D-7D7D-4273-ADB0-B23A77AF44F4}.Debug|Any CPU.Build.0 = Debug|Any CPU
		{ABE41D9D-7D7D-4273-ADB0-B23A77AF44F4}.Release|Any CPU.ActiveCfg = Release|Any CPU
		{ABE41D9D-7D7D-4273-ADB0-B23A77AF44F4}.Release|Any CPU.Build.0 = Release|Any CPU
		{D0F41A1F-8B99-4C1B-952A-8284FCAED88D}.Debug|Any CPU.ActiveCfg = Debug|Any CPU
		{D0F41A1F-8B99-4C1B-952A-8284FCAED88D}.Debug|Any CPU.Build.0 = Debug|Any CPU
		{D0F41A1F-8B99-4C1B-952A-8284FCAED88D}.Release|Any CPU.ActiveCfg = Release|Any CPU
		{D0F41A1F-8B99-4C1B-952A-8284FCAED88D}.Release|Any CPU.Build.0 = Release|Any CPU
		{9D3D1764-831B-4EE3-9C72-5188D1528031}.Debug|Any CPU.ActiveCfg = Debug|Any CPU
		{9D3D1764-831B-4EE3-9C72-5188D1528031}.Debug|Any CPU.Build.0 = Debug|Any CPU
		{9D3D1764-831B-4EE3-9C72-5188D1528031}.Release|Any CPU.ActiveCfg = Release|Any CPU
		{9D3D1764-831B-4EE3-9C72-5188D1528031}.Release|Any CPU.Build.0 = Release|Any CPU
		{54604D59-9F40-4D46-BC80-C47A57B552E5}.Debug|Any CPU.ActiveCfg = Debug|Any CPU
		{54604D59-9F40-4D46-BC80-C47A57B552E5}.Debug|Any CPU.Build.0 = Debug|Any CPU
		{54604D59-9F40-4D46-BC80-C47A57B552E5}.Release|Any CPU.ActiveCfg = Release|Any CPU
		{54604D59-9F40-4D46-BC80-C47A57B552E5}.Release|Any CPU.Build.0 = Release|Any CPU
		{03DABEBF-AF33-47EF-9F3D-3298E0A982A0}.Debug|Any CPU.ActiveCfg = Debug|Any CPU
		{03DABEBF-AF33-47EF-9F3D-3298E0A982A0}.Debug|Any CPU.Build.0 = Debug|Any CPU
		{03DABEBF-AF33-47EF-9F3D-3298E0A982A0}.Release|Any CPU.ActiveCfg = Release|Any CPU
		{03DABEBF-AF33-47EF-9F3D-3298E0A982A0}.Release|Any CPU.Build.0 = Release|Any CPU
		{EAD91969-5597-4605-9DF9-7B6DB81DFE39}.Debug|Any CPU.ActiveCfg = Debug|Any CPU
		{EAD91969-5597-4605-9DF9-7B6DB81DFE39}.Debug|Any CPU.Build.0 = Debug|Any CPU
		{EAD91969-5597-4605-9DF9-7B6DB81DFE39}.Release|Any CPU.ActiveCfg = Release|Any CPU
		{EAD91969-5597-4605-9DF9-7B6DB81DFE39}.Release|Any CPU.Build.0 = Release|Any CPU
		{9AD4E3C9-7597-4AFA-8136-E6D4AEB91389}.Debug|Any CPU.ActiveCfg = Debug|Any CPU
		{9AD4E3C9-7597-4AFA-8136-E6D4AEB91389}.Debug|Any CPU.Build.0 = Debug|Any CPU
		{9AD4E3C9-7597-4AFA-8136-E6D4AEB91389}.Release|Any CPU.ActiveCfg = Release|Any CPU
		{9AD4E3C9-7597-4AFA-8136-E6D4AEB91389}.Release|Any CPU.Build.0 = Release|Any CPU
		{CA009481-3674-4C2B-AB2E-CD62B6B3A354}.Debug|Any CPU.ActiveCfg = Debug|Any CPU
		{CA009481-3674-4C2B-AB2E-CD62B6B3A354}.Debug|Any CPU.Build.0 = Debug|Any CPU
		{CA009481-3674-4C2B-AB2E-CD62B6B3A354}.Release|Any CPU.ActiveCfg = Release|Any CPU
		{CA009481-3674-4C2B-AB2E-CD62B6B3A354}.Release|Any CPU.Build.0 = Release|Any CPU
		{5DB07E52-06E6-4780-9FFE-A64187B9D3B3}.Debug|Any CPU.ActiveCfg = Debug|Any CPU
		{5DB07E52-06E6-4780-9FFE-A64187B9D3B3}.Debug|Any CPU.Build.0 = Debug|Any CPU
		{5DB07E52-06E6-4780-9FFE-A64187B9D3B3}.Release|Any CPU.ActiveCfg = Release|Any CPU
		{5DB07E52-06E6-4780-9FFE-A64187B9D3B3}.Release|Any CPU.Build.0 = Release|Any CPU
		{51BBC5F3-F1B9-4B0E-9D2B-91B4C2A0C0B4}.Debug|Any CPU.ActiveCfg = Debug|Any CPU
		{51BBC5F3-F1B9-4B0E-9D2B-91B4C2A0C0B4}.Debug|Any CPU.Build.0 = Debug|Any CPU
		{51BBC5F3-F1B9-4B0E-9D2B-91B4C2A0C0B4}.Release|Any CPU.ActiveCfg = Release|Any CPU
		{51BBC5F3-F1B9-4B0E-9D2B-91B4C2A0C0B4}.Release|Any CPU.Build.0 = Release|Any CPU
		{8BCDEE4D-D127-4CD3-8781-BCCB85898B81}.Debug|Any CPU.ActiveCfg = Debug|Any CPU
		{8BCDEE4D-D127-4CD3-8781-BCCB85898B81}.Debug|Any CPU.Build.0 = Debug|Any CPU
		{8BCDEE4D-D127-4CD3-8781-BCCB85898B81}.Release|Any CPU.ActiveCfg = Release|Any CPU
		{8BCDEE4D-D127-4CD3-8781-BCCB85898B81}.Release|Any CPU.Build.0 = Release|Any CPU
		{6928C880-F6A1-4273-92FA-B76435ED1970}.Debug|Any CPU.ActiveCfg = Debug|Any CPU
		{6928C880-F6A1-4273-92FA-B76435ED1970}.Debug|Any CPU.Build.0 = Debug|Any CPU
		{6928C880-F6A1-4273-92FA-B76435ED1970}.Release|Any CPU.ActiveCfg = Release|Any CPU
		{6928C880-F6A1-4273-92FA-B76435ED1970}.Release|Any CPU.Build.0 = Release|Any CPU
		{B3E8FA43-DF1B-419B-9BDD-AB4FEF6544F6}.Debug|Any CPU.ActiveCfg = Debug|Any CPU
		{B3E8FA43-DF1B-419B-9BDD-AB4FEF6544F6}.Debug|Any CPU.Build.0 = Debug|Any CPU
		{B3E8FA43-DF1B-419B-9BDD-AB4FEF6544F6}.Release|Any CPU.ActiveCfg = Release|Any CPU
		{B3E8FA43-DF1B-419B-9BDD-AB4FEF6544F6}.Release|Any CPU.Build.0 = Release|Any CPU
		{A354FE16-089E-4983-999C-F703BDAB3041}.Debug|Any CPU.ActiveCfg = Debug|Any CPU
		{A354FE16-089E-4983-999C-F703BDAB3041}.Debug|Any CPU.Build.0 = Debug|Any CPU
		{A354FE16-089E-4983-999C-F703BDAB3041}.Release|Any CPU.ActiveCfg = Release|Any CPU
		{A354FE16-089E-4983-999C-F703BDAB3041}.Release|Any CPU.Build.0 = Release|Any CPU
		{177E363D-0F7F-4921-8B5A-448B7D22A70F}.Debug|Any CPU.ActiveCfg = Debug|Any CPU
		{177E363D-0F7F-4921-8B5A-448B7D22A70F}.Debug|Any CPU.Build.0 = Debug|Any CPU
		{177E363D-0F7F-4921-8B5A-448B7D22A70F}.Release|Any CPU.ActiveCfg = Release|Any CPU
		{177E363D-0F7F-4921-8B5A-448B7D22A70F}.Release|Any CPU.Build.0 = Release|Any CPU
		{45D052B5-3D84-4121-98FE-95141CB73D05}.Debug|Any CPU.ActiveCfg = Debug|Any CPU
		{45D052B5-3D84-4121-98FE-95141CB73D05}.Debug|Any CPU.Build.0 = Debug|Any CPU
		{45D052B5-3D84-4121-98FE-95141CB73D05}.Release|Any CPU.ActiveCfg = Release|Any CPU
		{45D052B5-3D84-4121-98FE-95141CB73D05}.Release|Any CPU.Build.0 = Release|Any CPU
	EndGlobalSection
	GlobalSection(SolutionProperties) = preSolution
		HideSolutionNode = FALSE
	EndGlobalSection
	GlobalSection(NestedProjects) = preSolution
		{72DB2C12-7B09-4417-A779-0EB8B38CDEFA} = {DE52B3AF-EA13-4DF4-BB0B-ECFB6DBF820C}
		{1F0A6815-DF09-4520-B605-5793963519D2} = {DE52B3AF-EA13-4DF4-BB0B-ECFB6DBF820C}
		{B474E0C6-E47A-4DF9-A00C-C8AB5528BA92} = {DE52B3AF-EA13-4DF4-BB0B-ECFB6DBF820C}
		{6666A911-1C38-443C-A0D2-80FD8A6A62F4} = {DE52B3AF-EA13-4DF4-BB0B-ECFB6DBF820C}
		{75287E17-0C9C-4CF3-8416-AE2201385E92} = {DE52B3AF-EA13-4DF4-BB0B-ECFB6DBF820C}
		{EA3C7027-252C-4BE7-91E3-DAD1442A2E83} = {DE52B3AF-EA13-4DF4-BB0B-ECFB6DBF820C}
		{8587E744-7213-4259-AA06-31D65D778474} = {DE52B3AF-EA13-4DF4-BB0B-ECFB6DBF820C}
		{2731F5F6-73D2-44C1-98FA-3432771AF724} = {DE52B3AF-EA13-4DF4-BB0B-ECFB6DBF820C}
		{06C06E18-CDC9-4F71-A344-BF074AE95AFC} = {DE52B3AF-EA13-4DF4-BB0B-ECFB6DBF820C}
		{195F5FDA-BA57-4111-B8A9-E6B73DEAB5BF} = {DE52B3AF-EA13-4DF4-BB0B-ECFB6DBF820C}
		{CBDD18D2-AD94-4354-B2C7-56CF4CF82493} = {DE52B3AF-EA13-4DF4-BB0B-ECFB6DBF820C}
		{6A0A50B2-5955-4315-B670-7FA0AF998DBA} = {DE52B3AF-EA13-4DF4-BB0B-ECFB6DBF820C}
		{F321FA20-8A76-4180-BCB0-ADB1221716A6} = {DE52B3AF-EA13-4DF4-BB0B-ECFB6DBF820C}
		{9C4B1A2E-5296-4F8D-8D16-BCDA39289A3E} = {DE52B3AF-EA13-4DF4-BB0B-ECFB6DBF820C}
		{BC67B493-CD51-42BF-B27D-73EA45C4374B} = {DE52B3AF-EA13-4DF4-BB0B-ECFB6DBF820C}
		{EAF7BED7-5FF8-43BE-8AAF-D38D095CA2CA} = {DE52B3AF-EA13-4DF4-BB0B-ECFB6DBF820C}
		{45DF1E1A-ACAC-467D-AF64-7808C2DDD4E1} = {DE52B3AF-EA13-4DF4-BB0B-ECFB6DBF820C}
		{23FE2552-721A-4572-A5EC-7F4EE156B65F} = {DE52B3AF-EA13-4DF4-BB0B-ECFB6DBF820C}
		{ABE41D9D-7D7D-4273-ADB0-B23A77AF44F4} = {DE52B3AF-EA13-4DF4-BB0B-ECFB6DBF820C}
		{D0F41A1F-8B99-4C1B-952A-8284FCAED88D} = {DE52B3AF-EA13-4DF4-BB0B-ECFB6DBF820C}
		{9D3D1764-831B-4EE3-9C72-5188D1528031} = {DE52B3AF-EA13-4DF4-BB0B-ECFB6DBF820C}
		{54604D59-9F40-4D46-BC80-C47A57B552E5} = {DE52B3AF-EA13-4DF4-BB0B-ECFB6DBF820C}
		{03DABEBF-AF33-47EF-9F3D-3298E0A982A0} = {DE52B3AF-EA13-4DF4-BB0B-ECFB6DBF820C}
		{EAD91969-5597-4605-9DF9-7B6DB81DFE39} = {DE52B3AF-EA13-4DF4-BB0B-ECFB6DBF820C}
		{9AD4E3C9-7597-4AFA-8136-E6D4AEB91389} = {DE52B3AF-EA13-4DF4-BB0B-ECFB6DBF820C}
		{CA009481-3674-4C2B-AB2E-CD62B6B3A354} = {DE52B3AF-EA13-4DF4-BB0B-ECFB6DBF820C}
		{0C06AA89-27DA-47F1-9CF1-1C3770713DF6} = {DE52B3AF-EA13-4DF4-BB0B-ECFB6DBF820C}
		{5DB07E52-06E6-4780-9FFE-A64187B9D3B3} = {0C06AA89-27DA-47F1-9CF1-1C3770713DF6}
		{51BBC5F3-F1B9-4B0E-9D2B-91B4C2A0C0B4} = {0C06AA89-27DA-47F1-9CF1-1C3770713DF6}
		{8BCDEE4D-D127-4CD3-8781-BCCB85898B81} = {0C06AA89-27DA-47F1-9CF1-1C3770713DF6}
		{6928C880-F6A1-4273-92FA-B76435ED1970} = {0C06AA89-27DA-47F1-9CF1-1C3770713DF6}
		{B3E8FA43-DF1B-419B-9BDD-AB4FEF6544F6} = {0C06AA89-27DA-47F1-9CF1-1C3770713DF6}
		{A354FE16-089E-4983-999C-F703BDAB3041} = {0C06AA89-27DA-47F1-9CF1-1C3770713DF6}
		{45D052B5-3D84-4121-98FE-95141CB73D05} = {0C06AA89-27DA-47F1-9CF1-1C3770713DF6}
	EndGlobalSection
EndGlobal
