
Microsoft Visual Studio Solution File, Format Version 12.00
# Visual Studio 15
VisualStudioVersion = 15.0.27130.2027
MinimumVisualStudioVersion = 10.0.40219.1
Project("{FAE04EC0-301F-11D3-BF4B-00C04F79EFBC}") = "Person", "Person\Person.csproj", "{DCC956DD-DE3C-4D9B-89BB-033A51804FC1}"
EndProject
Project("{FAE04EC0-301F-11D3-BF4B-00C04F79EFBC}") = "BookShop", "Book Shop\BookShop.csproj", "{E28390CD-E285-4D39-8135-F800AB19D9E8}"
EndProject
Project("{FAE04EC0-301F-11D3-BF4B-00C04F79EFBC}") = "Mankind", "Mankind\Mankind.csproj", "{51D87ADE-196F-44DC-B74B-846F91D37634}"
EndProject
Project("{FAE04EC0-301F-11D3-BF4B-00C04F79EFBC}") = "Online Radio Database", "Online Radio Database\Online Radio Database.csproj", "{321D715C-61A7-4C5C-A287-E9266742D419}"
EndProject
Project("{FAE04EC0-301F-11D3-BF4B-00C04F79EFBC}") = "Animals", "Animals\Animals.csproj", "{C5E46DA1-7EAD-4C9A-B701-80E20339D30C}"
EndProject
Project("{FAE04EC0-301F-11D3-BF4B-00C04F79EFBC}") = "Mordor's Cruel Plan", "Mordor's Cruel Plan\Mordor's Cruel Plan.csproj", "{678B4E52-268A-4810-B771-EBD9606FC20C}"
EndProject
Global
	GlobalSection(SolutionConfigurationPlatforms) = preSolution
		Debug|Any CPU = Debug|Any CPU
		Release|Any CPU = Release|Any CPU
	EndGlobalSection
	GlobalSection(ProjectConfigurationPlatforms) = postSolution
		{DCC956DD-DE3C-4D9B-89BB-033A51804FC1}.Debug|Any CPU.ActiveCfg = Debug|Any CPU
		{DCC956DD-DE3C-4D9B-89BB-033A51804FC1}.Debug|Any CPU.Build.0 = Debug|Any CPU
		{DCC956DD-DE3C-4D9B-89BB-033A51804FC1}.Release|Any CPU.ActiveCfg = Release|Any CPU
		{DCC956DD-DE3C-4D9B-89BB-033A51804FC1}.Release|Any CPU.Build.0 = Release|Any CPU
		{E28390CD-E285-4D39-8135-F800AB19D9E8}.Debug|Any CPU.ActiveCfg = Debug|Any CPU
		{E28390CD-E285-4D39-8135-F800AB19D9E8}.Debug|Any CPU.Build.0 = Debug|Any CPU
		{E28390CD-E285-4D39-8135-F800AB19D9E8}.Release|Any CPU.ActiveCfg = Release|Any CPU
		{E28390CD-E285-4D39-8135-F800AB19D9E8}.Release|Any CPU.Build.0 = Release|Any CPU
		{51D87ADE-196F-44DC-B74B-846F91D37634}.Debug|Any CPU.ActiveCfg = Debug|Any CPU
		{51D87ADE-196F-44DC-B74B-846F91D37634}.Debug|Any CPU.Build.0 = Debug|Any CPU
		{51D87ADE-196F-44DC-B74B-846F91D37634}.Release|Any CPU.ActiveCfg = Release|Any CPU
		{51D87ADE-196F-44DC-B74B-846F91D37634}.Release|Any CPU.Build.0 = Release|Any CPU
		{321D715C-61A7-4C5C-A287-E9266742D419}.Debug|Any CPU.ActiveCfg = Debug|Any CPU
		{321D715C-61A7-4C5C-A287-E9266742D419}.Debug|Any CPU.Build.0 = Debug|Any CPU
		{321D715C-61A7-4C5C-A287-E9266742D419}.Release|Any CPU.ActiveCfg = Release|Any CPU
		{321D715C-61A7-4C5C-A287-E9266742D419}.Release|Any CPU.Build.0 = Release|Any CPU
		{C5E46DA1-7EAD-4C9A-B701-80E20339D30C}.Debug|Any CPU.ActiveCfg = Debug|Any CPU
		{C5E46DA1-7EAD-4C9A-B701-80E20339D30C}.Debug|Any CPU.Build.0 = Debug|Any CPU
		{C5E46DA1-7EAD-4C9A-B701-80E20339D30C}.Release|Any CPU.ActiveCfg = Release|Any CPU
		{C5E46DA1-7EAD-4C9A-B701-80E20339D30C}.Release|Any CPU.Build.0 = Release|Any CPU
		{678B4E52-268A-4810-B771-EBD9606FC20C}.Debug|Any CPU.ActiveCfg = Debug|Any CPU
		{678B4E52-268A-4810-B771-EBD9606FC20C}.Debug|Any CPU.Build.0 = Debug|Any CPU
		{678B4E52-268A-4810-B771-EBD9606FC20C}.Release|Any CPU.ActiveCfg = Release|Any CPU
		{678B4E52-268A-4810-B771-EBD9606FC20C}.Release|Any CPU.Build.0 = Release|Any CPU
	EndGlobalSection
	GlobalSection(SolutionProperties) = preSolution
		HideSolutionNode = FALSE
	EndGlobalSection
	GlobalSection(ExtensibilityGlobals) = postSolution
		SolutionGuid = {2F80E1F2-A103-4828-942F-01CDC854723B}
	EndGlobalSection
EndGlobal
