
Microsoft Visual Studio Solution File, Format Version 12.00
# Visual Studio 15
VisualStudioVersion = 15.0.26430.14
MinimumVisualStudioVersion = 10.0.40219.1
Project("{FAE04EC0-301F-11D3-BF4B-00C04F79EFBC}") = "01. Replace TAg", "ConsoleApp1\01. Replace TAg.csproj", "{16D84845-8A57-4332-B135-D8EDC54BD503}"
EndProject
Project("{FAE04EC0-301F-11D3-BF4B-00C04F79EFBC}") = "01. Cards", "01. Cards\01. Cards.csproj", "{5A34171B-58E2-45B4-B3AA-A5FBFF2698E6}"
EndProject
Project("{FAE04EC0-301F-11D3-BF4B-00C04F79EFBC}") = "02. Fish Statistics", "02. Fish Statistics\02. Fish Statistics.csproj", "{42FDE8AE-DBA3-4BD3-8F55-D139423ABE9E}"
EndProject
Project("{FAE04EC0-301F-11D3-BF4B-00C04F79EFBC}") = "03. Word Encounter", "03. Word Encounter\03. Word Encounter.csproj", "{DBF0CB55-87E7-4C49-8ABB-AA8F6D961FEE}"
EndProject
Project("{FAE04EC0-301F-11D3-BF4B-00C04F79EFBC}") = "04. Happiness Index", "04. Happiness Index\04. Happiness Index.csproj", "{8FE74503-F1C7-4972-A272-9143006718FE}"
EndProject
Project("{FAE04EC0-301F-11D3-BF4B-00C04F79EFBC}") = "Practice", "Practice\Practice.csproj", "{34BD5855-A883-42BF-B192-45DE303AD008}"
EndProject
Project("{FAE04EC0-301F-11D3-BF4B-00C04F79EFBC}") = "01. Extract Emails", "01. Extract Emails\01. Extract Emails.csproj", "{618048B9-8C59-4135-9882-B22A26B93B5E}"
EndProject
Project("{FAE04EC0-301F-11D3-BF4B-00C04F79EFBC}") = "02. Extract sentences by key", "02. Extract sentences by key\02. Extract sentences by key.csproj", "{33F0B9DA-9F1B-4323-AB58-F9ED4FE3A504}"
EndProject
Project("{FAE04EC0-301F-11D3-BF4B-00C04F79EFBC}") = "03. Valid Usernames", "03. Valid Usernames\03. Valid Usernames.csproj", "{45C737B7-12B1-453F-891C-5644D2E5787A}"
EndProject
Project("{FAE04EC0-301F-11D3-BF4B-00C04F79EFBC}") = "04. Query Mess", "04. Query Mess\04. Query Mess.csproj", "{E6636F13-D269-488C-9159-F5838049E2EF}"
EndProject
Project("{FAE04EC0-301F-11D3-BF4B-00C04F79EFBC}") = "05. Use Your Chains, Buddy", "05. Use Your Chains, Buddy\05. Use Your Chains, Buddy.csproj", "{809E5954-EBBD-407D-A5E7-CAA71014E012}"
EndProject
Project("{FAE04EC0-301F-11D3-BF4B-00C04F79EFBC}") = "02. Match Phone Number", "02. Match Phone Number\02. Match Phone Number.csproj", "{0721B5FB-3E5B-4580-B15F-47AA620ADC71}"
EndProject
Project("{FAE04EC0-301F-11D3-BF4B-00C04F79EFBC}") = "03. Match Hexadecimal Numbers", "03. Match Hexadecimal Numbers\03. Match Hexadecimal Numbers.csproj", "{7442719B-725B-49B8-BB1C-3DDE93079CDD}"
EndProject
Project("{FAE04EC0-301F-11D3-BF4B-00C04F79EFBC}") = "04. Match Dates", "04. Match Dates\04. Match Dates.csproj", "{06FA161D-E798-4C3B-9064-89AE59EE0191}"
EndProject
Project("{FAE04EC0-301F-11D3-BF4B-00C04F79EFBC}") = "05. Match Numbers", "05. Match Numbers\05. Match Numbers.csproj", "{48C5F70A-B3C4-4867-840C-8A90CFAB5210}"
EndProject
Project("{FAE04EC0-301F-11D3-BF4B-00C04F79EFBC}") = "03. Camera View", "03. Camera View\03. Camera View.csproj", "{FDC1B1C9-2304-48D4-B967-43B0D20786EB}"
EndProject
Project("{FAE04EC0-301F-11D3-BF4B-00C04F79EFBC}") = "04. Weather", "04. Weather\04. Weather.csproj", "{A4BF9FBA-8DFE-4882-AA40-6FC2CEDF3E20}"
EndProject
Project("{FAE04EC0-301F-11D3-BF4B-00C04F79EFBC}") = "05. Key Replacer", "05. Key Replacer\05. Key Replacer.csproj", "{D725710E-49DD-4570-99DE-C53FD29D4C72}"
EndProject
Project("{FAE04EC0-301F-11D3-BF4B-00C04F79EFBC}") = "06. Valid Usernames", "06. Valid Usernames\06. Valid Usernames.csproj", "{D1415DBF-3F9C-44E9-ACBE-F28BFA969DAB}"
EndProject
Project("{FAE04EC0-301F-11D3-BF4B-00C04F79EFBC}") = "01. Censorship", "01. Censorship\01. Censorship.csproj", "{BC2B7F2D-AC83-44AC-8562-F654BE7D459E}"
EndProject
Project("{FAE04EC0-301F-11D3-BF4B-00C04F79EFBC}") = "02. Email me", "02. Email me\02. Email me.csproj", "{728F1083-27C3-40D0-BB75-3E401F6242A8}"
EndProject
Project("{FAE04EC0-301F-11D3-BF4B-00C04F79EFBC}") = "03. Karate Strings", "03. Karate Strings\03. Karate Strings.csproj", "{D0A14B91-B001-4FEF-8F0E-41DFC4A025C2}"
EndProject
Project("{FAE04EC0-301F-11D3-BF4B-00C04F79EFBC}") = "04. Morse Code Upgraded", "04. Morse Code Upgraded\04. Morse Code Upgraded.csproj", "{0321FE95-1EDD-48F0-89FD-2A17D0314C68}"
EndProject
Project("{FAE04EC0-301F-11D3-BF4B-00C04F79EFBC}") = "05. Only Letters", "05. Only Letters\05. Only Letters.csproj", "{9223EA04-A5CA-4D9E-8027-AE6F906F4875}"
EndProject
Project("{FAE04EC0-301F-11D3-BF4B-00C04F79EFBC}") = "06. Email Statistics", "06. Email Statistics\06. Email Statistics.csproj", "{23C92CC1-0160-4852-9949-CC756B15AD92}"
EndProject
Project("{FAE04EC0-301F-11D3-BF4B-00C04F79EFBC}") = "07. Hideout", "07. Hideout\07. Hideout.csproj", "{992D7A0E-7126-4164-9599-B1594A98BB44}"
EndProject
Project("{FAE04EC0-301F-11D3-BF4B-00C04F79EFBC}") = "08. Mines", "08. Mines\08. Mines.csproj", "{4A0C1992-757A-465D-BD65-DCCA683090E6}"
EndProject
Global
	GlobalSection(SolutionConfigurationPlatforms) = preSolution
		Debug|Any CPU = Debug|Any CPU
		Release|Any CPU = Release|Any CPU
	EndGlobalSection
	GlobalSection(ProjectConfigurationPlatforms) = postSolution
		{16D84845-8A57-4332-B135-D8EDC54BD503}.Debug|Any CPU.ActiveCfg = Debug|Any CPU
		{16D84845-8A57-4332-B135-D8EDC54BD503}.Debug|Any CPU.Build.0 = Debug|Any CPU
		{16D84845-8A57-4332-B135-D8EDC54BD503}.Release|Any CPU.ActiveCfg = Release|Any CPU
		{16D84845-8A57-4332-B135-D8EDC54BD503}.Release|Any CPU.Build.0 = Release|Any CPU
		{5A34171B-58E2-45B4-B3AA-A5FBFF2698E6}.Debug|Any CPU.ActiveCfg = Debug|Any CPU
		{5A34171B-58E2-45B4-B3AA-A5FBFF2698E6}.Debug|Any CPU.Build.0 = Debug|Any CPU
		{5A34171B-58E2-45B4-B3AA-A5FBFF2698E6}.Release|Any CPU.ActiveCfg = Release|Any CPU
		{5A34171B-58E2-45B4-B3AA-A5FBFF2698E6}.Release|Any CPU.Build.0 = Release|Any CPU
		{42FDE8AE-DBA3-4BD3-8F55-D139423ABE9E}.Debug|Any CPU.ActiveCfg = Debug|Any CPU
		{42FDE8AE-DBA3-4BD3-8F55-D139423ABE9E}.Debug|Any CPU.Build.0 = Debug|Any CPU
		{42FDE8AE-DBA3-4BD3-8F55-D139423ABE9E}.Release|Any CPU.ActiveCfg = Release|Any CPU
		{42FDE8AE-DBA3-4BD3-8F55-D139423ABE9E}.Release|Any CPU.Build.0 = Release|Any CPU
		{DBF0CB55-87E7-4C49-8ABB-AA8F6D961FEE}.Debug|Any CPU.ActiveCfg = Debug|Any CPU
		{DBF0CB55-87E7-4C49-8ABB-AA8F6D961FEE}.Debug|Any CPU.Build.0 = Debug|Any CPU
		{DBF0CB55-87E7-4C49-8ABB-AA8F6D961FEE}.Release|Any CPU.ActiveCfg = Release|Any CPU
		{DBF0CB55-87E7-4C49-8ABB-AA8F6D961FEE}.Release|Any CPU.Build.0 = Release|Any CPU
		{8FE74503-F1C7-4972-A272-9143006718FE}.Debug|Any CPU.ActiveCfg = Debug|Any CPU
		{8FE74503-F1C7-4972-A272-9143006718FE}.Debug|Any CPU.Build.0 = Debug|Any CPU
		{8FE74503-F1C7-4972-A272-9143006718FE}.Release|Any CPU.ActiveCfg = Release|Any CPU
		{8FE74503-F1C7-4972-A272-9143006718FE}.Release|Any CPU.Build.0 = Release|Any CPU
		{34BD5855-A883-42BF-B192-45DE303AD008}.Debug|Any CPU.ActiveCfg = Debug|Any CPU
		{34BD5855-A883-42BF-B192-45DE303AD008}.Debug|Any CPU.Build.0 = Debug|Any CPU
		{34BD5855-A883-42BF-B192-45DE303AD008}.Release|Any CPU.ActiveCfg = Release|Any CPU
		{34BD5855-A883-42BF-B192-45DE303AD008}.Release|Any CPU.Build.0 = Release|Any CPU
		{618048B9-8C59-4135-9882-B22A26B93B5E}.Debug|Any CPU.ActiveCfg = Debug|Any CPU
		{618048B9-8C59-4135-9882-B22A26B93B5E}.Debug|Any CPU.Build.0 = Debug|Any CPU
		{618048B9-8C59-4135-9882-B22A26B93B5E}.Release|Any CPU.ActiveCfg = Release|Any CPU
		{618048B9-8C59-4135-9882-B22A26B93B5E}.Release|Any CPU.Build.0 = Release|Any CPU
		{33F0B9DA-9F1B-4323-AB58-F9ED4FE3A504}.Debug|Any CPU.ActiveCfg = Debug|Any CPU
		{33F0B9DA-9F1B-4323-AB58-F9ED4FE3A504}.Debug|Any CPU.Build.0 = Debug|Any CPU
		{33F0B9DA-9F1B-4323-AB58-F9ED4FE3A504}.Release|Any CPU.ActiveCfg = Release|Any CPU
		{33F0B9DA-9F1B-4323-AB58-F9ED4FE3A504}.Release|Any CPU.Build.0 = Release|Any CPU
		{45C737B7-12B1-453F-891C-5644D2E5787A}.Debug|Any CPU.ActiveCfg = Debug|Any CPU
		{45C737B7-12B1-453F-891C-5644D2E5787A}.Debug|Any CPU.Build.0 = Debug|Any CPU
		{45C737B7-12B1-453F-891C-5644D2E5787A}.Release|Any CPU.ActiveCfg = Release|Any CPU
		{45C737B7-12B1-453F-891C-5644D2E5787A}.Release|Any CPU.Build.0 = Release|Any CPU
		{E6636F13-D269-488C-9159-F5838049E2EF}.Debug|Any CPU.ActiveCfg = Debug|Any CPU
		{E6636F13-D269-488C-9159-F5838049E2EF}.Debug|Any CPU.Build.0 = Debug|Any CPU
		{E6636F13-D269-488C-9159-F5838049E2EF}.Release|Any CPU.ActiveCfg = Release|Any CPU
		{E6636F13-D269-488C-9159-F5838049E2EF}.Release|Any CPU.Build.0 = Release|Any CPU
		{809E5954-EBBD-407D-A5E7-CAA71014E012}.Debug|Any CPU.ActiveCfg = Debug|Any CPU
		{809E5954-EBBD-407D-A5E7-CAA71014E012}.Debug|Any CPU.Build.0 = Debug|Any CPU
		{809E5954-EBBD-407D-A5E7-CAA71014E012}.Release|Any CPU.ActiveCfg = Release|Any CPU
		{809E5954-EBBD-407D-A5E7-CAA71014E012}.Release|Any CPU.Build.0 = Release|Any CPU
		{0721B5FB-3E5B-4580-B15F-47AA620ADC71}.Debug|Any CPU.ActiveCfg = Debug|Any CPU
		{0721B5FB-3E5B-4580-B15F-47AA620ADC71}.Debug|Any CPU.Build.0 = Debug|Any CPU
		{0721B5FB-3E5B-4580-B15F-47AA620ADC71}.Release|Any CPU.ActiveCfg = Release|Any CPU
		{0721B5FB-3E5B-4580-B15F-47AA620ADC71}.Release|Any CPU.Build.0 = Release|Any CPU
		{7442719B-725B-49B8-BB1C-3DDE93079CDD}.Debug|Any CPU.ActiveCfg = Debug|Any CPU
		{7442719B-725B-49B8-BB1C-3DDE93079CDD}.Debug|Any CPU.Build.0 = Debug|Any CPU
		{7442719B-725B-49B8-BB1C-3DDE93079CDD}.Release|Any CPU.ActiveCfg = Release|Any CPU
		{7442719B-725B-49B8-BB1C-3DDE93079CDD}.Release|Any CPU.Build.0 = Release|Any CPU
		{06FA161D-E798-4C3B-9064-89AE59EE0191}.Debug|Any CPU.ActiveCfg = Debug|Any CPU
		{06FA161D-E798-4C3B-9064-89AE59EE0191}.Debug|Any CPU.Build.0 = Debug|Any CPU
		{06FA161D-E798-4C3B-9064-89AE59EE0191}.Release|Any CPU.ActiveCfg = Release|Any CPU
		{06FA161D-E798-4C3B-9064-89AE59EE0191}.Release|Any CPU.Build.0 = Release|Any CPU
		{48C5F70A-B3C4-4867-840C-8A90CFAB5210}.Debug|Any CPU.ActiveCfg = Debug|Any CPU
		{48C5F70A-B3C4-4867-840C-8A90CFAB5210}.Debug|Any CPU.Build.0 = Debug|Any CPU
		{48C5F70A-B3C4-4867-840C-8A90CFAB5210}.Release|Any CPU.ActiveCfg = Release|Any CPU
		{48C5F70A-B3C4-4867-840C-8A90CFAB5210}.Release|Any CPU.Build.0 = Release|Any CPU
		{FDC1B1C9-2304-48D4-B967-43B0D20786EB}.Debug|Any CPU.ActiveCfg = Debug|Any CPU
		{FDC1B1C9-2304-48D4-B967-43B0D20786EB}.Debug|Any CPU.Build.0 = Debug|Any CPU
		{FDC1B1C9-2304-48D4-B967-43B0D20786EB}.Release|Any CPU.ActiveCfg = Release|Any CPU
		{FDC1B1C9-2304-48D4-B967-43B0D20786EB}.Release|Any CPU.Build.0 = Release|Any CPU
		{A4BF9FBA-8DFE-4882-AA40-6FC2CEDF3E20}.Debug|Any CPU.ActiveCfg = Debug|Any CPU
		{A4BF9FBA-8DFE-4882-AA40-6FC2CEDF3E20}.Debug|Any CPU.Build.0 = Debug|Any CPU
		{A4BF9FBA-8DFE-4882-AA40-6FC2CEDF3E20}.Release|Any CPU.ActiveCfg = Release|Any CPU
		{A4BF9FBA-8DFE-4882-AA40-6FC2CEDF3E20}.Release|Any CPU.Build.0 = Release|Any CPU
		{D725710E-49DD-4570-99DE-C53FD29D4C72}.Debug|Any CPU.ActiveCfg = Debug|Any CPU
		{D725710E-49DD-4570-99DE-C53FD29D4C72}.Debug|Any CPU.Build.0 = Debug|Any CPU
		{D725710E-49DD-4570-99DE-C53FD29D4C72}.Release|Any CPU.ActiveCfg = Release|Any CPU
		{D725710E-49DD-4570-99DE-C53FD29D4C72}.Release|Any CPU.Build.0 = Release|Any CPU
		{D1415DBF-3F9C-44E9-ACBE-F28BFA969DAB}.Debug|Any CPU.ActiveCfg = Debug|Any CPU
		{D1415DBF-3F9C-44E9-ACBE-F28BFA969DAB}.Debug|Any CPU.Build.0 = Debug|Any CPU
		{D1415DBF-3F9C-44E9-ACBE-F28BFA969DAB}.Release|Any CPU.ActiveCfg = Release|Any CPU
		{D1415DBF-3F9C-44E9-ACBE-F28BFA969DAB}.Release|Any CPU.Build.0 = Release|Any CPU
		{BC2B7F2D-AC83-44AC-8562-F654BE7D459E}.Debug|Any CPU.ActiveCfg = Debug|Any CPU
		{BC2B7F2D-AC83-44AC-8562-F654BE7D459E}.Debug|Any CPU.Build.0 = Debug|Any CPU
		{BC2B7F2D-AC83-44AC-8562-F654BE7D459E}.Release|Any CPU.ActiveCfg = Release|Any CPU
		{BC2B7F2D-AC83-44AC-8562-F654BE7D459E}.Release|Any CPU.Build.0 = Release|Any CPU
		{728F1083-27C3-40D0-BB75-3E401F6242A8}.Debug|Any CPU.ActiveCfg = Debug|Any CPU
		{728F1083-27C3-40D0-BB75-3E401F6242A8}.Debug|Any CPU.Build.0 = Debug|Any CPU
		{728F1083-27C3-40D0-BB75-3E401F6242A8}.Release|Any CPU.ActiveCfg = Release|Any CPU
		{728F1083-27C3-40D0-BB75-3E401F6242A8}.Release|Any CPU.Build.0 = Release|Any CPU
		{D0A14B91-B001-4FEF-8F0E-41DFC4A025C2}.Debug|Any CPU.ActiveCfg = Debug|Any CPU
		{D0A14B91-B001-4FEF-8F0E-41DFC4A025C2}.Debug|Any CPU.Build.0 = Debug|Any CPU
		{D0A14B91-B001-4FEF-8F0E-41DFC4A025C2}.Release|Any CPU.ActiveCfg = Release|Any CPU
		{D0A14B91-B001-4FEF-8F0E-41DFC4A025C2}.Release|Any CPU.Build.0 = Release|Any CPU
		{0321FE95-1EDD-48F0-89FD-2A17D0314C68}.Debug|Any CPU.ActiveCfg = Debug|Any CPU
		{0321FE95-1EDD-48F0-89FD-2A17D0314C68}.Debug|Any CPU.Build.0 = Debug|Any CPU
		{0321FE95-1EDD-48F0-89FD-2A17D0314C68}.Release|Any CPU.ActiveCfg = Release|Any CPU
		{0321FE95-1EDD-48F0-89FD-2A17D0314C68}.Release|Any CPU.Build.0 = Release|Any CPU
		{9223EA04-A5CA-4D9E-8027-AE6F906F4875}.Debug|Any CPU.ActiveCfg = Debug|Any CPU
		{9223EA04-A5CA-4D9E-8027-AE6F906F4875}.Debug|Any CPU.Build.0 = Debug|Any CPU
		{9223EA04-A5CA-4D9E-8027-AE6F906F4875}.Release|Any CPU.ActiveCfg = Release|Any CPU
		{9223EA04-A5CA-4D9E-8027-AE6F906F4875}.Release|Any CPU.Build.0 = Release|Any CPU
		{23C92CC1-0160-4852-9949-CC756B15AD92}.Debug|Any CPU.ActiveCfg = Debug|Any CPU
		{23C92CC1-0160-4852-9949-CC756B15AD92}.Debug|Any CPU.Build.0 = Debug|Any CPU
		{23C92CC1-0160-4852-9949-CC756B15AD92}.Release|Any CPU.ActiveCfg = Release|Any CPU
		{23C92CC1-0160-4852-9949-CC756B15AD92}.Release|Any CPU.Build.0 = Release|Any CPU
		{992D7A0E-7126-4164-9599-B1594A98BB44}.Debug|Any CPU.ActiveCfg = Debug|Any CPU
		{992D7A0E-7126-4164-9599-B1594A98BB44}.Debug|Any CPU.Build.0 = Debug|Any CPU
		{992D7A0E-7126-4164-9599-B1594A98BB44}.Release|Any CPU.ActiveCfg = Release|Any CPU
		{992D7A0E-7126-4164-9599-B1594A98BB44}.Release|Any CPU.Build.0 = Release|Any CPU
		{4A0C1992-757A-465D-BD65-DCCA683090E6}.Debug|Any CPU.ActiveCfg = Debug|Any CPU
		{4A0C1992-757A-465D-BD65-DCCA683090E6}.Debug|Any CPU.Build.0 = Debug|Any CPU
		{4A0C1992-757A-465D-BD65-DCCA683090E6}.Release|Any CPU.ActiveCfg = Release|Any CPU
		{4A0C1992-757A-465D-BD65-DCCA683090E6}.Release|Any CPU.Build.0 = Release|Any CPU
	EndGlobalSection
	GlobalSection(SolutionProperties) = preSolution
		HideSolutionNode = FALSE
	EndGlobalSection
EndGlobal
