
Microsoft Visual Studio Solution File, Format Version 12.00
# Visual Studio 15
VisualStudioVersion = 15.0.27428.2005
MinimumVisualStudioVersion = 10.0.40219.1
Project("{9A19103F-16F7-4668-BE54-9A1E7A4F7556}") = "EventImplementation", "Event Implementation\EventImplementation.csproj", "{6CE0204C-8701-4B05-96DC-037E2A30F576}"
EndProject
Project("{FAE04EC0-301F-11D3-BF4B-00C04F79EFBC}") = "KingGambit", "KingGambit\KingGambit.csproj", "{68877DB5-1148-4E3E-A7AD-F3744B966D71}"
EndProject
Global
	GlobalSection(SolutionConfigurationPlatforms) = preSolution
		Debug|Any CPU = Debug|Any CPU
		Release|Any CPU = Release|Any CPU
	EndGlobalSection
	GlobalSection(ProjectConfigurationPlatforms) = postSolution
		{6CE0204C-8701-4B05-96DC-037E2A30F576}.Debug|Any CPU.ActiveCfg = Debug|Any CPU
		{6CE0204C-8701-4B05-96DC-037E2A30F576}.Debug|Any CPU.Build.0 = Debug|Any CPU
		{6CE0204C-8701-4B05-96DC-037E2A30F576}.Release|Any CPU.ActiveCfg = Release|Any CPU
		{6CE0204C-8701-4B05-96DC-037E2A30F576}.Release|Any CPU.Build.0 = Release|Any CPU
		{68877DB5-1148-4E3E-A7AD-F3744B966D71}.Debug|Any CPU.ActiveCfg = Debug|Any CPU
		{68877DB5-1148-4E3E-A7AD-F3744B966D71}.Debug|Any CPU.Build.0 = Debug|Any CPU
		{68877DB5-1148-4E3E-A7AD-F3744B966D71}.Release|Any CPU.ActiveCfg = Release|Any CPU
		{68877DB5-1148-4E3E-A7AD-F3744B966D71}.Release|Any CPU.Build.0 = Release|Any CPU
	EndGlobalSection
	GlobalSection(SolutionProperties) = preSolution
		HideSolutionNode = FALSE
	EndGlobalSection
	GlobalSection(ExtensibilityGlobals) = postSolution
		SolutionGuid = {B643C9E6-563D-498E-983A-AF7CE09D84B2}
	EndGlobalSection
EndGlobal
